
Microsoft Visual Studio Solution File, Format Version 12.00
# Visual Studio 14
VisualStudioVersion = 14.0.25420.1
MinimumVisualStudioVersion = 10.0.40219.1
Project("{FAE04EC0-301F-11D3-BF4B-00C04F79EFBC}") = "AppWithOAuth", "AppWithOAuth\AppWithOAuth.csproj", "{D0EAAB85-CF3B-4BAB-A447-C6BEB30F3FD0}"
EndProject
Project("{2150E333-8FDC-42A3-9474-1A3956D46DE8}") = "CortanaSample", "CortanaSample", "{E7557958-F0D0-4426-BD14-ED201442E7AB}"
EndProject
Project("{FAE04EC0-301F-11D3-BF4B-00C04F79EFBC}") = "IntegrateCortanaApp", "CortanaSample\IntegrateCortanaApp\IntegrateCortanaApp.csproj", "{EA6A8BC9-501D-4695-8C8D-387221EB1973}"
EndProject
Project("{FAE04EC0-301F-11D3-BF4B-00C04F79EFBC}") = "BusSearchModel", "CortanaSample\BusSearchModel\BusSearchModel.csproj", "{56742596-03F1-4803-BBB1-1A696D1D3B02}"
EndProject
Project("{FAE04EC0-301F-11D3-BF4B-00C04F79EFBC}") = "BusSearchVCService", "CortanaSample\BusSearchVCService\BusSearchVCService.csproj", "{E01A5B83-7481-4F43-A6D6-8595BDCA8683}"
EndProject
Project("{2150E333-8FDC-42A3-9474-1A3956D46DE8}") = "AdaptiveMediaSourceSample", "AdaptiveMediaSourceSample", "{58596F70-B32C-4CA2-BFA5-FB54B6F6F9C5}"
EndProject
Project("{FAE04EC0-301F-11D3-BF4B-00C04F79EFBC}") = "LiveStreamSample", "AdaptiveMediaSourceSample\LiveStreamSample\LiveStreamSample.csproj", "{763951A5-6386-471A-A2F8-76E6BF4DAD16}"
EndProject
Project("{FAE04EC0-301F-11D3-BF4B-00C04F79EFBC}") = "BackgroundAudioTask", "AdaptiveMediaSourceSample\BackgroundAudioTask\BackgroundAudioTask.csproj", "{7DFB07D5-0830-43C6-8217-28308CC6E829}"
EndProject
Project("{FAE04EC0-301F-11D3-BF4B-00C04F79EFBC}") = "MediaAdvertisingSample", "MediaAdvertisingSample\MediaAdvertisingSample.csproj", "{875358CB-A644-426A-A815-27EC161FB72E}"
EndProject
Project("{FAE04EC0-301F-11D3-BF4B-00C04F79EFBC}") = "DevCenterAnalysisAPI", "DevCenterAnalysisAPI\DevCenterAnalysisAPI.csproj", "{8DD5B909-51C5-49C1-8723-4C829B8D288E}"
EndProject
Project("{FAE04EC0-301F-11D3-BF4B-00C04F79EFBC}") = "TitleBarSample", "TitleBarSample\TitleBarSample.csproj", "{64233EC1-F28D-45D1-947C-36BCF0CC439C}"
EndProject
Project("{FAE04EC0-301F-11D3-BF4B-00C04F79EFBC}") = "CollectionListSample", "CollectionListSample\CollectionListSample.csproj", "{F5D0D92D-9A36-48AC-8365-B14CD98D3A46}"
EndProject
Project("{2150E333-8FDC-42A3-9474-1A3956D46DE8}") = "TimeClock", "TimeClock", "{8C4D2F96-9CE5-46B8-A3B8-564A7B8BCAF9}"
EndProject
Project("{FAE04EC0-301F-11D3-BF4B-00C04F79EFBC}") = "TimeClockApp", "TimeClock\TimeClockApp\TimeClockApp.csproj", "{8BA53B7A-A1DA-48EB-A714-411D604605C7}"
EndProject
Project("{2150E333-8FDC-42A3-9474-1A3956D46DE8}") = "ProjectOxford", "ProjectOxford", "{19A5045B-A149-4B96-88E8-1D8EFC733D5C}"
EndProject
Project("{FAE04EC0-301F-11D3-BF4B-00C04F79EFBC}") = "EmotionAPISample", "ProjectOxford\EmotionAPISample\EmotionAPISample.csproj", "{51606195-EA80-4D5A-BAA6-002ADF02C568}"
EndProject
Project("{FAE04EC0-301F-11D3-BF4B-00C04F79EFBC}") = "CastingSample", "CastingSample\CastingSample.csproj", "{1021BB3D-662F-4EC2-BB2D-8E18AD1BD1D0}"
EndProject
Project("{FAE04EC0-301F-11D3-BF4B-00C04F79EFBC}") = "FileAccessSample", "FileAccessSample\FileAccessSample.csproj", "{D65586CA-9AEA-4753-BD58-A78E497D9089}"
EndProject
Project("{2150E333-8FDC-42A3-9474-1A3956D46DE8}") = "BackgroundMediaPlayerSample", "BackgroundMediaPlayerSample", "{9A6FA884-A727-45F7-B30A-5E87A62492A8}"
EndProject
Project("{FAE04EC0-301F-11D3-BF4B-00C04F79EFBC}") = "SingleBackgroundMediaPlayer", "BackgroundMediaPlayerSample\SingleBackgroundMediaPlayer\SingleBackgroundMediaPlayer.csproj", "{EEAD1E72-E095-476C-A532-EC6E209454A4}"
EndProject
Project("{2150E333-8FDC-42A3-9474-1A3956D46DE8}") = "SurfaceDialSample", "SurfaceDialSample", "{319AEDC7-1CF5-4530-B05D-643884E35B6F}"
EndProject
Project("{FAE04EC0-301F-11D3-BF4B-00C04F79EFBC}") = "SurfaceDialSample", "SurfaceDialSample\SurfaceDialSample\SurfaceDialSample.csproj", "{C658637F-F95A-4F7C-80FD-E81EBC9BFD65}"
EndProject
Global
	GlobalSection(SolutionConfigurationPlatforms) = preSolution
		Debug|Any CPU = Debug|Any CPU
		Debug|ARM = Debug|ARM
		Debug|x64 = Debug|x64
		Debug|x86 = Debug|x86
		Release|Any CPU = Release|Any CPU
		Release|ARM = Release|ARM
		Release|x64 = Release|x64
		Release|x86 = Release|x86
	EndGlobalSection
	GlobalSection(ProjectConfigurationPlatforms) = postSolution
		{D0EAAB85-CF3B-4BAB-A447-C6BEB30F3FD0}.Debug|Any CPU.ActiveCfg = Debug|x86
		{D0EAAB85-CF3B-4BAB-A447-C6BEB30F3FD0}.Debug|ARM.ActiveCfg = Debug|ARM
		{D0EAAB85-CF3B-4BAB-A447-C6BEB30F3FD0}.Debug|ARM.Build.0 = Debug|ARM
		{D0EAAB85-CF3B-4BAB-A447-C6BEB30F3FD0}.Debug|ARM.Deploy.0 = Debug|ARM
		{D0EAAB85-CF3B-4BAB-A447-C6BEB30F3FD0}.Debug|x64.ActiveCfg = Debug|x64
		{D0EAAB85-CF3B-4BAB-A447-C6BEB30F3FD0}.Debug|x64.Build.0 = Debug|x64
		{D0EAAB85-CF3B-4BAB-A447-C6BEB30F3FD0}.Debug|x64.Deploy.0 = Debug|x64
		{D0EAAB85-CF3B-4BAB-A447-C6BEB30F3FD0}.Debug|x86.ActiveCfg = Debug|x86
		{D0EAAB85-CF3B-4BAB-A447-C6BEB30F3FD0}.Debug|x86.Build.0 = Debug|x86
		{D0EAAB85-CF3B-4BAB-A447-C6BEB30F3FD0}.Debug|x86.Deploy.0 = Debug|x86
		{D0EAAB85-CF3B-4BAB-A447-C6BEB30F3FD0}.Release|Any CPU.ActiveCfg = Release|x86
		{D0EAAB85-CF3B-4BAB-A447-C6BEB30F3FD0}.Release|ARM.ActiveCfg = Release|ARM
		{D0EAAB85-CF3B-4BAB-A447-C6BEB30F3FD0}.Release|ARM.Build.0 = Release|ARM
		{D0EAAB85-CF3B-4BAB-A447-C6BEB30F3FD0}.Release|ARM.Deploy.0 = Release|ARM
		{D0EAAB85-CF3B-4BAB-A447-C6BEB30F3FD0}.Release|x64.ActiveCfg = Release|x64
		{D0EAAB85-CF3B-4BAB-A447-C6BEB30F3FD0}.Release|x64.Build.0 = Release|x64
		{D0EAAB85-CF3B-4BAB-A447-C6BEB30F3FD0}.Release|x64.Deploy.0 = Release|x64
		{D0EAAB85-CF3B-4BAB-A447-C6BEB30F3FD0}.Release|x86.ActiveCfg = Release|x86
		{D0EAAB85-CF3B-4BAB-A447-C6BEB30F3FD0}.Release|x86.Build.0 = Release|x86
		{D0EAAB85-CF3B-4BAB-A447-C6BEB30F3FD0}.Release|x86.Deploy.0 = Release|x86
		{EA6A8BC9-501D-4695-8C8D-387221EB1973}.Debug|Any CPU.ActiveCfg = Debug|x86
		{EA6A8BC9-501D-4695-8C8D-387221EB1973}.Debug|ARM.ActiveCfg = Debug|ARM
		{EA6A8BC9-501D-4695-8C8D-387221EB1973}.Debug|ARM.Build.0 = Debug|ARM
		{EA6A8BC9-501D-4695-8C8D-387221EB1973}.Debug|ARM.Deploy.0 = Debug|ARM
		{EA6A8BC9-501D-4695-8C8D-387221EB1973}.Debug|x64.ActiveCfg = Debug|x64
		{EA6A8BC9-501D-4695-8C8D-387221EB1973}.Debug|x64.Build.0 = Debug|x64
		{EA6A8BC9-501D-4695-8C8D-387221EB1973}.Debug|x64.Deploy.0 = Debug|x64
		{EA6A8BC9-501D-4695-8C8D-387221EB1973}.Debug|x86.ActiveCfg = Debug|x86
		{EA6A8BC9-501D-4695-8C8D-387221EB1973}.Debug|x86.Build.0 = Debug|x86
		{EA6A8BC9-501D-4695-8C8D-387221EB1973}.Debug|x86.Deploy.0 = Debug|x86
		{EA6A8BC9-501D-4695-8C8D-387221EB1973}.Release|Any CPU.ActiveCfg = Release|x86
		{EA6A8BC9-501D-4695-8C8D-387221EB1973}.Release|ARM.ActiveCfg = Release|ARM
		{EA6A8BC9-501D-4695-8C8D-387221EB1973}.Release|ARM.Build.0 = Release|ARM
		{EA6A8BC9-501D-4695-8C8D-387221EB1973}.Release|ARM.Deploy.0 = Release|ARM
		{EA6A8BC9-501D-4695-8C8D-387221EB1973}.Release|x64.ActiveCfg = Release|x64
		{EA6A8BC9-501D-4695-8C8D-387221EB1973}.Release|x64.Build.0 = Release|x64
		{EA6A8BC9-501D-4695-8C8D-387221EB1973}.Release|x64.Deploy.0 = Release|x64
		{EA6A8BC9-501D-4695-8C8D-387221EB1973}.Release|x86.ActiveCfg = Release|x86
		{EA6A8BC9-501D-4695-8C8D-387221EB1973}.Release|x86.Build.0 = Release|x86
		{EA6A8BC9-501D-4695-8C8D-387221EB1973}.Release|x86.Deploy.0 = Release|x86
		{56742596-03F1-4803-BBB1-1A696D1D3B02}.Debug|Any CPU.ActiveCfg = Debug|Any CPU
		{56742596-03F1-4803-BBB1-1A696D1D3B02}.Debug|Any CPU.Build.0 = Debug|Any CPU
		{56742596-03F1-4803-BBB1-1A696D1D3B02}.Debug|ARM.ActiveCfg = Debug|ARM
		{56742596-03F1-4803-BBB1-1A696D1D3B02}.Debug|ARM.Build.0 = Debug|ARM
		{56742596-03F1-4803-BBB1-1A696D1D3B02}.Debug|x64.ActiveCfg = Debug|x64
		{56742596-03F1-4803-BBB1-1A696D1D3B02}.Debug|x64.Build.0 = Debug|x64
		{56742596-03F1-4803-BBB1-1A696D1D3B02}.Debug|x86.ActiveCfg = Debug|x86
		{56742596-03F1-4803-BBB1-1A696D1D3B02}.Debug|x86.Build.0 = Debug|x86
		{56742596-03F1-4803-BBB1-1A696D1D3B02}.Release|Any CPU.ActiveCfg = Release|Any CPU
		{56742596-03F1-4803-BBB1-1A696D1D3B02}.Release|Any CPU.Build.0 = Release|Any CPU
		{56742596-03F1-4803-BBB1-1A696D1D3B02}.Release|ARM.ActiveCfg = Release|ARM
		{56742596-03F1-4803-BBB1-1A696D1D3B02}.Release|ARM.Build.0 = Release|ARM
		{56742596-03F1-4803-BBB1-1A696D1D3B02}.Release|x64.ActiveCfg = Release|x64
		{56742596-03F1-4803-BBB1-1A696D1D3B02}.Release|x64.Build.0 = Release|x64
		{56742596-03F1-4803-BBB1-1A696D1D3B02}.Release|x86.ActiveCfg = Release|x86
		{56742596-03F1-4803-BBB1-1A696D1D3B02}.Release|x86.Build.0 = Release|x86
		{E01A5B83-7481-4F43-A6D6-8595BDCA8683}.Debug|Any CPU.ActiveCfg = Debug|Any CPU
		{E01A5B83-7481-4F43-A6D6-8595BDCA8683}.Debug|Any CPU.Build.0 = Debug|Any CPU
		{E01A5B83-7481-4F43-A6D6-8595BDCA8683}.Debug|ARM.ActiveCfg = Debug|ARM
		{E01A5B83-7481-4F43-A6D6-8595BDCA8683}.Debug|ARM.Build.0 = Debug|ARM
		{E01A5B83-7481-4F43-A6D6-8595BDCA8683}.Debug|x64.ActiveCfg = Debug|x64
		{E01A5B83-7481-4F43-A6D6-8595BDCA8683}.Debug|x64.Build.0 = Debug|x64
		{E01A5B83-7481-4F43-A6D6-8595BDCA8683}.Debug|x86.ActiveCfg = Debug|x86
		{E01A5B83-7481-4F43-A6D6-8595BDCA8683}.Debug|x86.Build.0 = Debug|x86
		{E01A5B83-7481-4F43-A6D6-8595BDCA8683}.Release|Any CPU.ActiveCfg = Release|Any CPU
		{E01A5B83-7481-4F43-A6D6-8595BDCA8683}.Release|Any CPU.Build.0 = Release|Any CPU
		{E01A5B83-7481-4F43-A6D6-8595BDCA8683}.Release|ARM.ActiveCfg = Release|ARM
		{E01A5B83-7481-4F43-A6D6-8595BDCA8683}.Release|ARM.Build.0 = Release|ARM
		{E01A5B83-7481-4F43-A6D6-8595BDCA8683}.Release|x64.ActiveCfg = Release|x64
		{E01A5B83-7481-4F43-A6D6-8595BDCA8683}.Release|x64.Build.0 = Release|x64
		{E01A5B83-7481-4F43-A6D6-8595BDCA8683}.Release|x86.ActiveCfg = Release|x86
		{E01A5B83-7481-4F43-A6D6-8595BDCA8683}.Release|x86.Build.0 = Release|x86
		{763951A5-6386-471A-A2F8-76E6BF4DAD16}.Debug|Any CPU.ActiveCfg = Debug|x86
		{763951A5-6386-471A-A2F8-76E6BF4DAD16}.Debug|ARM.ActiveCfg = Debug|ARM
		{763951A5-6386-471A-A2F8-76E6BF4DAD16}.Debug|ARM.Build.0 = Debug|ARM
		{763951A5-6386-471A-A2F8-76E6BF4DAD16}.Debug|ARM.Deploy.0 = Debug|ARM
		{763951A5-6386-471A-A2F8-76E6BF4DAD16}.Debug|x64.ActiveCfg = Debug|x64
		{763951A5-6386-471A-A2F8-76E6BF4DAD16}.Debug|x64.Build.0 = Debug|x64
		{763951A5-6386-471A-A2F8-76E6BF4DAD16}.Debug|x64.Deploy.0 = Debug|x64
		{763951A5-6386-471A-A2F8-76E6BF4DAD16}.Debug|x86.ActiveCfg = Debug|x86
		{763951A5-6386-471A-A2F8-76E6BF4DAD16}.Debug|x86.Build.0 = Debug|x86
		{763951A5-6386-471A-A2F8-76E6BF4DAD16}.Debug|x86.Deploy.0 = Debug|x86
		{763951A5-6386-471A-A2F8-76E6BF4DAD16}.Release|Any CPU.ActiveCfg = Release|x86
		{763951A5-6386-471A-A2F8-76E6BF4DAD16}.Release|ARM.ActiveCfg = Release|ARM
		{763951A5-6386-471A-A2F8-76E6BF4DAD16}.Release|ARM.Build.0 = Release|ARM
		{763951A5-6386-471A-A2F8-76E6BF4DAD16}.Release|ARM.Deploy.0 = Release|ARM
		{763951A5-6386-471A-A2F8-76E6BF4DAD16}.Release|x64.ActiveCfg = Release|x64
		{763951A5-6386-471A-A2F8-76E6BF4DAD16}.Release|x64.Build.0 = Release|x64
		{763951A5-6386-471A-A2F8-76E6BF4DAD16}.Release|x64.Deploy.0 = Release|x64
		{763951A5-6386-471A-A2F8-76E6BF4DAD16}.Release|x86.ActiveCfg = Release|x86
		{763951A5-6386-471A-A2F8-76E6BF4DAD16}.Release|x86.Build.0 = Release|x86
		{763951A5-6386-471A-A2F8-76E6BF4DAD16}.Release|x86.Deploy.0 = Release|x86
		{7DFB07D5-0830-43C6-8217-28308CC6E829}.Debug|Any CPU.ActiveCfg = Debug|Any CPU
		{7DFB07D5-0830-43C6-8217-28308CC6E829}.Debug|Any CPU.Build.0 = Debug|Any CPU
		{7DFB07D5-0830-43C6-8217-28308CC6E829}.Debug|ARM.ActiveCfg = Debug|ARM
		{7DFB07D5-0830-43C6-8217-28308CC6E829}.Debug|ARM.Build.0 = Debug|ARM
		{7DFB07D5-0830-43C6-8217-28308CC6E829}.Debug|x64.ActiveCfg = Debug|x64
		{7DFB07D5-0830-43C6-8217-28308CC6E829}.Debug|x64.Build.0 = Debug|x64
		{7DFB07D5-0830-43C6-8217-28308CC6E829}.Debug|x86.ActiveCfg = Debug|x86
		{7DFB07D5-0830-43C6-8217-28308CC6E829}.Debug|x86.Build.0 = Debug|x86
		{7DFB07D5-0830-43C6-8217-28308CC6E829}.Release|Any CPU.ActiveCfg = Release|Any CPU
		{7DFB07D5-0830-43C6-8217-28308CC6E829}.Release|Any CPU.Build.0 = Release|Any CPU
		{7DFB07D5-0830-43C6-8217-28308CC6E829}.Release|ARM.ActiveCfg = Release|ARM
		{7DFB07D5-0830-43C6-8217-28308CC6E829}.Release|ARM.Build.0 = Release|ARM
		{7DFB07D5-0830-43C6-8217-28308CC6E829}.Release|x64.ActiveCfg = Release|x64
		{7DFB07D5-0830-43C6-8217-28308CC6E829}.Release|x64.Build.0 = Release|x64
		{7DFB07D5-0830-43C6-8217-28308CC6E829}.Release|x86.ActiveCfg = Release|x86
		{7DFB07D5-0830-43C6-8217-28308CC6E829}.Release|x86.Build.0 = Release|x86
		{875358CB-A644-426A-A815-27EC161FB72E}.Debug|Any CPU.ActiveCfg = Debug|x86
		{875358CB-A644-426A-A815-27EC161FB72E}.Debug|ARM.ActiveCfg = Debug|ARM
		{875358CB-A644-426A-A815-27EC161FB72E}.Debug|ARM.Build.0 = Debug|ARM
		{875358CB-A644-426A-A815-27EC161FB72E}.Debug|ARM.Deploy.0 = Debug|ARM
		{875358CB-A644-426A-A815-27EC161FB72E}.Debug|x64.ActiveCfg = Debug|x64
		{875358CB-A644-426A-A815-27EC161FB72E}.Debug|x64.Build.0 = Debug|x64
		{875358CB-A644-426A-A815-27EC161FB72E}.Debug|x64.Deploy.0 = Debug|x64
		{875358CB-A644-426A-A815-27EC161FB72E}.Debug|x86.ActiveCfg = Debug|x86
		{875358CB-A644-426A-A815-27EC161FB72E}.Debug|x86.Build.0 = Debug|x86
		{875358CB-A644-426A-A815-27EC161FB72E}.Debug|x86.Deploy.0 = Debug|x86
		{875358CB-A644-426A-A815-27EC161FB72E}.Release|Any CPU.ActiveCfg = Release|x86
		{875358CB-A644-426A-A815-27EC161FB72E}.Release|ARM.ActiveCfg = Release|ARM
		{875358CB-A644-426A-A815-27EC161FB72E}.Release|ARM.Build.0 = Release|ARM
		{875358CB-A644-426A-A815-27EC161FB72E}.Release|ARM.Deploy.0 = Release|ARM
		{875358CB-A644-426A-A815-27EC161FB72E}.Release|x64.ActiveCfg = Release|x64
		{875358CB-A644-426A-A815-27EC161FB72E}.Release|x64.Build.0 = Release|x64
		{875358CB-A644-426A-A815-27EC161FB72E}.Release|x64.Deploy.0 = Release|x64
		{875358CB-A644-426A-A815-27EC161FB72E}.Release|x86.ActiveCfg = Release|x86
		{875358CB-A644-426A-A815-27EC161FB72E}.Release|x86.Build.0 = Release|x86
		{875358CB-A644-426A-A815-27EC161FB72E}.Release|x86.Deploy.0 = Release|x86
		{8DD5B909-51C5-49C1-8723-4C829B8D288E}.Debug|Any CPU.ActiveCfg = Debug|Any CPU
		{8DD5B909-51C5-49C1-8723-4C829B8D288E}.Debug|Any CPU.Build.0 = Debug|Any CPU
		{8DD5B909-51C5-49C1-8723-4C829B8D288E}.Debug|ARM.ActiveCfg = Debug|Any CPU
		{8DD5B909-51C5-49C1-8723-4C829B8D288E}.Debug|ARM.Build.0 = Debug|Any CPU
		{8DD5B909-51C5-49C1-8723-4C829B8D288E}.Debug|x64.ActiveCfg = Debug|Any CPU
		{8DD5B909-51C5-49C1-8723-4C829B8D288E}.Debug|x64.Build.0 = Debug|Any CPU
		{8DD5B909-51C5-49C1-8723-4C829B8D288E}.Debug|x86.ActiveCfg = Debug|Any CPU
		{8DD5B909-51C5-49C1-8723-4C829B8D288E}.Debug|x86.Build.0 = Debug|Any CPU
		{8DD5B909-51C5-49C1-8723-4C829B8D288E}.Release|Any CPU.ActiveCfg = Release|Any CPU
		{8DD5B909-51C5-49C1-8723-4C829B8D288E}.Release|Any CPU.Build.0 = Release|Any CPU
		{8DD5B909-51C5-49C1-8723-4C829B8D288E}.Release|ARM.ActiveCfg = Release|Any CPU
		{8DD5B909-51C5-49C1-8723-4C829B8D288E}.Release|ARM.Build.0 = Release|Any CPU
		{8DD5B909-51C5-49C1-8723-4C829B8D288E}.Release|x64.ActiveCfg = Release|Any CPU
		{8DD5B909-51C5-49C1-8723-4C829B8D288E}.Release|x64.Build.0 = Release|Any CPU
		{8DD5B909-51C5-49C1-8723-4C829B8D288E}.Release|x86.ActiveCfg = Release|Any CPU
		{8DD5B909-51C5-49C1-8723-4C829B8D288E}.Release|x86.Build.0 = Release|Any CPU
		{64233EC1-F28D-45D1-947C-36BCF0CC439C}.Debug|Any CPU.ActiveCfg = Debug|x86
		{64233EC1-F28D-45D1-947C-36BCF0CC439C}.Debug|ARM.ActiveCfg = Debug|ARM
		{64233EC1-F28D-45D1-947C-36BCF0CC439C}.Debug|ARM.Build.0 = Debug|ARM
		{64233EC1-F28D-45D1-947C-36BCF0CC439C}.Debug|ARM.Deploy.0 = Debug|ARM
		{64233EC1-F28D-45D1-947C-36BCF0CC439C}.Debug|x64.ActiveCfg = Debug|x64
		{64233EC1-F28D-45D1-947C-36BCF0CC439C}.Debug|x64.Build.0 = Debug|x64
		{64233EC1-F28D-45D1-947C-36BCF0CC439C}.Debug|x64.Deploy.0 = Debug|x64
		{64233EC1-F28D-45D1-947C-36BCF0CC439C}.Debug|x86.ActiveCfg = Debug|x86
		{64233EC1-F28D-45D1-947C-36BCF0CC439C}.Debug|x86.Build.0 = Debug|x86
		{64233EC1-F28D-45D1-947C-36BCF0CC439C}.Debug|x86.Deploy.0 = Debug|x86
		{64233EC1-F28D-45D1-947C-36BCF0CC439C}.Release|Any CPU.ActiveCfg = Release|x86
		{64233EC1-F28D-45D1-947C-36BCF0CC439C}.Release|ARM.ActiveCfg = Release|ARM
		{64233EC1-F28D-45D1-947C-36BCF0CC439C}.Release|ARM.Build.0 = Release|ARM
		{64233EC1-F28D-45D1-947C-36BCF0CC439C}.Release|ARM.Deploy.0 = Release|ARM
		{64233EC1-F28D-45D1-947C-36BCF0CC439C}.Release|x64.ActiveCfg = Release|x64
		{64233EC1-F28D-45D1-947C-36BCF0CC439C}.Release|x64.Build.0 = Release|x64
		{64233EC1-F28D-45D1-947C-36BCF0CC439C}.Release|x64.Deploy.0 = Release|x64
		{64233EC1-F28D-45D1-947C-36BCF0CC439C}.Release|x86.ActiveCfg = Release|x86
		{64233EC1-F28D-45D1-947C-36BCF0CC439C}.Release|x86.Build.0 = Release|x86
		{64233EC1-F28D-45D1-947C-36BCF0CC439C}.Release|x86.Deploy.0 = Release|x86
		{F5D0D92D-9A36-48AC-8365-B14CD98D3A46}.Debug|Any CPU.ActiveCfg = Debug|x86
		{F5D0D92D-9A36-48AC-8365-B14CD98D3A46}.Debug|ARM.ActiveCfg = Debug|ARM
		{F5D0D92D-9A36-48AC-8365-B14CD98D3A46}.Debug|ARM.Build.0 = Debug|ARM
		{F5D0D92D-9A36-48AC-8365-B14CD98D3A46}.Debug|ARM.Deploy.0 = Debug|ARM
		{F5D0D92D-9A36-48AC-8365-B14CD98D3A46}.Debug|x64.ActiveCfg = Debug|x64
		{F5D0D92D-9A36-48AC-8365-B14CD98D3A46}.Debug|x64.Build.0 = Debug|x64
		{F5D0D92D-9A36-48AC-8365-B14CD98D3A46}.Debug|x64.Deploy.0 = Debug|x64
		{F5D0D92D-9A36-48AC-8365-B14CD98D3A46}.Debug|x86.ActiveCfg = Debug|x86
		{F5D0D92D-9A36-48AC-8365-B14CD98D3A46}.Debug|x86.Build.0 = Debug|x86
		{F5D0D92D-9A36-48AC-8365-B14CD98D3A46}.Debug|x86.Deploy.0 = Debug|x86
		{F5D0D92D-9A36-48AC-8365-B14CD98D3A46}.Release|Any CPU.ActiveCfg = Release|x86
		{F5D0D92D-9A36-48AC-8365-B14CD98D3A46}.Release|ARM.ActiveCfg = Release|ARM
		{F5D0D92D-9A36-48AC-8365-B14CD98D3A46}.Release|ARM.Build.0 = Release|ARM
		{F5D0D92D-9A36-48AC-8365-B14CD98D3A46}.Release|ARM.Deploy.0 = Release|ARM
		{F5D0D92D-9A36-48AC-8365-B14CD98D3A46}.Release|x64.ActiveCfg = Release|x64
		{F5D0D92D-9A36-48AC-8365-B14CD98D3A46}.Release|x64.Build.0 = Release|x64
		{F5D0D92D-9A36-48AC-8365-B14CD98D3A46}.Release|x64.Deploy.0 = Release|x64
		{F5D0D92D-9A36-48AC-8365-B14CD98D3A46}.Release|x86.ActiveCfg = Release|x86
		{F5D0D92D-9A36-48AC-8365-B14CD98D3A46}.Release|x86.Build.0 = Release|x86
		{F5D0D92D-9A36-48AC-8365-B14CD98D3A46}.Release|x86.Deploy.0 = Release|x86
		{8BA53B7A-A1DA-48EB-A714-411D604605C7}.Debug|Any CPU.ActiveCfg = Debug|x86
		{8BA53B7A-A1DA-48EB-A714-411D604605C7}.Debug|ARM.ActiveCfg = Debug|ARM
		{8BA53B7A-A1DA-48EB-A714-411D604605C7}.Debug|ARM.Build.0 = Debug|ARM
		{8BA53B7A-A1DA-48EB-A714-411D604605C7}.Debug|ARM.Deploy.0 = Debug|ARM
		{8BA53B7A-A1DA-48EB-A714-411D604605C7}.Debug|x64.ActiveCfg = Debug|x64
		{8BA53B7A-A1DA-48EB-A714-411D604605C7}.Debug|x64.Build.0 = Debug|x64
		{8BA53B7A-A1DA-48EB-A714-411D604605C7}.Debug|x64.Deploy.0 = Debug|x64
		{8BA53B7A-A1DA-48EB-A714-411D604605C7}.Debug|x86.ActiveCfg = Debug|x86
		{8BA53B7A-A1DA-48EB-A714-411D604605C7}.Debug|x86.Build.0 = Debug|x86
		{8BA53B7A-A1DA-48EB-A714-411D604605C7}.Debug|x86.Deploy.0 = Debug|x86
		{8BA53B7A-A1DA-48EB-A714-411D604605C7}.Release|Any CPU.ActiveCfg = Release|x86
		{8BA53B7A-A1DA-48EB-A714-411D604605C7}.Release|ARM.ActiveCfg = Release|ARM
		{8BA53B7A-A1DA-48EB-A714-411D604605C7}.Release|ARM.Build.0 = Release|ARM
		{8BA53B7A-A1DA-48EB-A714-411D604605C7}.Release|ARM.Deploy.0 = Release|ARM
		{8BA53B7A-A1DA-48EB-A714-411D604605C7}.Release|x64.ActiveCfg = Release|x64
		{8BA53B7A-A1DA-48EB-A714-411D604605C7}.Release|x64.Build.0 = Release|x64
		{8BA53B7A-A1DA-48EB-A714-411D604605C7}.Release|x64.Deploy.0 = Release|x64
		{8BA53B7A-A1DA-48EB-A714-411D604605C7}.Release|x86.ActiveCfg = Release|x86
		{8BA53B7A-A1DA-48EB-A714-411D604605C7}.Release|x86.Build.0 = Release|x86
		{8BA53B7A-A1DA-48EB-A714-411D604605C7}.Release|x86.Deploy.0 = Release|x86
		{51606195-EA80-4D5A-BAA6-002ADF02C568}.Debug|Any CPU.ActiveCfg = Debug|x86
		{51606195-EA80-4D5A-BAA6-002ADF02C568}.Debug|ARM.ActiveCfg = Debug|ARM
		{51606195-EA80-4D5A-BAA6-002ADF02C568}.Debug|ARM.Build.0 = Debug|ARM
		{51606195-EA80-4D5A-BAA6-002ADF02C568}.Debug|ARM.Deploy.0 = Debug|ARM
		{51606195-EA80-4D5A-BAA6-002ADF02C568}.Debug|x64.ActiveCfg = Debug|x64
		{51606195-EA80-4D5A-BAA6-002ADF02C568}.Debug|x64.Build.0 = Debug|x64
		{51606195-EA80-4D5A-BAA6-002ADF02C568}.Debug|x64.Deploy.0 = Debug|x64
		{51606195-EA80-4D5A-BAA6-002ADF02C568}.Debug|x86.ActiveCfg = Debug|x86
		{51606195-EA80-4D5A-BAA6-002ADF02C568}.Debug|x86.Build.0 = Debug|x86
		{51606195-EA80-4D5A-BAA6-002ADF02C568}.Debug|x86.Deploy.0 = Debug|x86
		{51606195-EA80-4D5A-BAA6-002ADF02C568}.Release|Any CPU.ActiveCfg = Release|x86
		{51606195-EA80-4D5A-BAA6-002ADF02C568}.Release|ARM.ActiveCfg = Release|ARM
		{51606195-EA80-4D5A-BAA6-002ADF02C568}.Release|ARM.Build.0 = Release|ARM
		{51606195-EA80-4D5A-BAA6-002ADF02C568}.Release|ARM.Deploy.0 = Release|ARM
		{51606195-EA80-4D5A-BAA6-002ADF02C568}.Release|x64.ActiveCfg = Release|x64
		{51606195-EA80-4D5A-BAA6-002ADF02C568}.Release|x64.Build.0 = Release|x64
		{51606195-EA80-4D5A-BAA6-002ADF02C568}.Release|x64.Deploy.0 = Release|x64
		{51606195-EA80-4D5A-BAA6-002ADF02C568}.Release|x86.ActiveCfg = Release|x86
		{51606195-EA80-4D5A-BAA6-002ADF02C568}.Release|x86.Build.0 = Release|x86
		{51606195-EA80-4D5A-BAA6-002ADF02C568}.Release|x86.Deploy.0 = Release|x86
		{1021BB3D-662F-4EC2-BB2D-8E18AD1BD1D0}.Debug|Any CPU.ActiveCfg = Debug|x86
		{1021BB3D-662F-4EC2-BB2D-8E18AD1BD1D0}.Debug|ARM.ActiveCfg = Debug|ARM
		{1021BB3D-662F-4EC2-BB2D-8E18AD1BD1D0}.Debug|ARM.Build.0 = Debug|ARM
		{1021BB3D-662F-4EC2-BB2D-8E18AD1BD1D0}.Debug|ARM.Deploy.0 = Debug|ARM
		{1021BB3D-662F-4EC2-BB2D-8E18AD1BD1D0}.Debug|x64.ActiveCfg = Debug|x64
		{1021BB3D-662F-4EC2-BB2D-8E18AD1BD1D0}.Debug|x64.Build.0 = Debug|x64
		{1021BB3D-662F-4EC2-BB2D-8E18AD1BD1D0}.Debug|x64.Deploy.0 = Debug|x64
		{1021BB3D-662F-4EC2-BB2D-8E18AD1BD1D0}.Debug|x86.ActiveCfg = Debug|x86
		{1021BB3D-662F-4EC2-BB2D-8E18AD1BD1D0}.Debug|x86.Build.0 = Debug|x86
		{1021BB3D-662F-4EC2-BB2D-8E18AD1BD1D0}.Debug|x86.Deploy.0 = Debug|x86
		{1021BB3D-662F-4EC2-BB2D-8E18AD1BD1D0}.Release|Any CPU.ActiveCfg = Release|x86
		{1021BB3D-662F-4EC2-BB2D-8E18AD1BD1D0}.Release|ARM.ActiveCfg = Release|ARM
		{1021BB3D-662F-4EC2-BB2D-8E18AD1BD1D0}.Release|ARM.Build.0 = Release|ARM
		{1021BB3D-662F-4EC2-BB2D-8E18AD1BD1D0}.Release|ARM.Deploy.0 = Release|ARM
		{1021BB3D-662F-4EC2-BB2D-8E18AD1BD1D0}.Release|x64.ActiveCfg = Release|x64
		{1021BB3D-662F-4EC2-BB2D-8E18AD1BD1D0}.Release|x64.Build.0 = Release|x64
		{1021BB3D-662F-4EC2-BB2D-8E18AD1BD1D0}.Release|x64.Deploy.0 = Release|x64
		{1021BB3D-662F-4EC2-BB2D-8E18AD1BD1D0}.Release|x86.ActiveCfg = Release|x86
		{1021BB3D-662F-4EC2-BB2D-8E18AD1BD1D0}.Release|x86.Build.0 = Release|x86
		{1021BB3D-662F-4EC2-BB2D-8E18AD1BD1D0}.Release|x86.Deploy.0 = Release|x86
		{D65586CA-9AEA-4753-BD58-A78E497D9089}.Debug|Any CPU.ActiveCfg = Debug|x86
		{D65586CA-9AEA-4753-BD58-A78E497D9089}.Debug|ARM.ActiveCfg = Debug|ARM
		{D65586CA-9AEA-4753-BD58-A78E497D9089}.Debug|ARM.Build.0 = Debug|ARM
		{D65586CA-9AEA-4753-BD58-A78E497D9089}.Debug|ARM.Deploy.0 = Debug|ARM
		{D65586CA-9AEA-4753-BD58-A78E497D9089}.Debug|x64.ActiveCfg = Debug|x64
		{D65586CA-9AEA-4753-BD58-A78E497D9089}.Debug|x64.Build.0 = Debug|x64
		{D65586CA-9AEA-4753-BD58-A78E497D9089}.Debug|x64.Deploy.0 = Debug|x64
		{D65586CA-9AEA-4753-BD58-A78E497D9089}.Debug|x86.ActiveCfg = Debug|x86
		{D65586CA-9AEA-4753-BD58-A78E497D9089}.Debug|x86.Build.0 = Debug|x86
		{D65586CA-9AEA-4753-BD58-A78E497D9089}.Debug|x86.Deploy.0 = Debug|x86
		{D65586CA-9AEA-4753-BD58-A78E497D9089}.Release|Any CPU.ActiveCfg = Release|x86
		{D65586CA-9AEA-4753-BD58-A78E497D9089}.Release|ARM.ActiveCfg = Release|ARM
		{D65586CA-9AEA-4753-BD58-A78E497D9089}.Release|ARM.Build.0 = Release|ARM
		{D65586CA-9AEA-4753-BD58-A78E497D9089}.Release|ARM.Deploy.0 = Release|ARM
		{D65586CA-9AEA-4753-BD58-A78E497D9089}.Release|x64.ActiveCfg = Release|x64
		{D65586CA-9AEA-4753-BD58-A78E497D9089}.Release|x64.Build.0 = Release|x64
		{D65586CA-9AEA-4753-BD58-A78E497D9089}.Release|x64.Deploy.0 = Release|x64
		{D65586CA-9AEA-4753-BD58-A78E497D9089}.Release|x86.ActiveCfg = Release|x86
		{D65586CA-9AEA-4753-BD58-A78E497D9089}.Release|x86.Build.0 = Release|x86
		{D65586CA-9AEA-4753-BD58-A78E497D9089}.Release|x86.Deploy.0 = Release|x86
		{EEAD1E72-E095-476C-A532-EC6E209454A4}.Debug|Any CPU.ActiveCfg = Debug|x86
		{EEAD1E72-E095-476C-A532-EC6E209454A4}.Debug|ARM.ActiveCfg = Debug|ARM
		{EEAD1E72-E095-476C-A532-EC6E209454A4}.Debug|ARM.Build.0 = Debug|ARM
		{EEAD1E72-E095-476C-A532-EC6E209454A4}.Debug|ARM.Deploy.0 = Debug|ARM
		{EEAD1E72-E095-476C-A532-EC6E209454A4}.Debug|x64.ActiveCfg = Debug|x64
		{EEAD1E72-E095-476C-A532-EC6E209454A4}.Debug|x64.Build.0 = Debug|x64
		{EEAD1E72-E095-476C-A532-EC6E209454A4}.Debug|x64.Deploy.0 = Debug|x64
		{EEAD1E72-E095-476C-A532-EC6E209454A4}.Debug|x86.ActiveCfg = Debug|x86
		{EEAD1E72-E095-476C-A532-EC6E209454A4}.Debug|x86.Build.0 = Debug|x86
		{EEAD1E72-E095-476C-A532-EC6E209454A4}.Debug|x86.Deploy.0 = Debug|x86
		{EEAD1E72-E095-476C-A532-EC6E209454A4}.Release|Any CPU.ActiveCfg = Release|x86
		{EEAD1E72-E095-476C-A532-EC6E209454A4}.Release|ARM.ActiveCfg = Release|ARM
		{EEAD1E72-E095-476C-A532-EC6E209454A4}.Release|ARM.Build.0 = Release|ARM
		{EEAD1E72-E095-476C-A532-EC6E209454A4}.Release|ARM.Deploy.0 = Release|ARM
		{EEAD1E72-E095-476C-A532-EC6E209454A4}.Release|x64.ActiveCfg = Release|x64
		{EEAD1E72-E095-476C-A532-EC6E209454A4}.Release|x64.Build.0 = Release|x64
		{EEAD1E72-E095-476C-A532-EC6E209454A4}.Release|x64.Deploy.0 = Release|x64
		{EEAD1E72-E095-476C-A532-EC6E209454A4}.Release|x86.ActiveCfg = Release|x86
		{EEAD1E72-E095-476C-A532-EC6E209454A4}.Release|x86.Build.0 = Release|x86
		{EEAD1E72-E095-476C-A532-EC6E209454A4}.Release|x86.Deploy.0 = Release|x86
		{C658637F-F95A-4F7C-80FD-E81EBC9BFD65}.Debug|Any CPU.ActiveCfg = Debug|x86
		{C658637F-F95A-4F7C-80FD-E81EBC9BFD65}.Debug|ARM.ActiveCfg = Debug|ARM
		{C658637F-F95A-4F7C-80FD-E81EBC9BFD65}.Debug|ARM.Build.0 = Debug|ARM
		{C658637F-F95A-4F7C-80FD-E81EBC9BFD65}.Debug|ARM.Deploy.0 = Debug|ARM
		{C658637F-F95A-4F7C-80FD-E81EBC9BFD65}.Debug|x64.ActiveCfg = Debug|x64
		{C658637F-F95A-4F7C-80FD-E81EBC9BFD65}.Debug|x64.Build.0 = Debug|x64
		{C658637F-F95A-4F7C-80FD-E81EBC9BFD65}.Debug|x64.Deploy.0 = Debug|x64
		{C658637F-F95A-4F7C-80FD-E81EBC9BFD65}.Debug|x86.ActiveCfg = Debug|x86
		{C658637F-F95A-4F7C-80FD-E81EBC9BFD65}.Debug|x86.Build.0 = Debug|x86
		{C658637F-F95A-4F7C-80FD-E81EBC9BFD65}.Debug|x86.Deploy.0 = Debug|x86
		{C658637F-F95A-4F7C-80FD-E81EBC9BFD65}.Release|Any CPU.ActiveCfg = Release|x86
		{C658637F-F95A-4F7C-80FD-E81EBC9BFD65}.Release|ARM.ActiveCfg = Release|ARM
		{C658637F-F95A-4F7C-80FD-E81EBC9BFD65}.Release|ARM.Build.0 = Release|ARM
		{C658637F-F95A-4F7C-80FD-E81EBC9BFD65}.Release|ARM.Deploy.0 = Release|ARM
		{C658637F-F95A-4F7C-80FD-E81EBC9BFD65}.Release|x64.ActiveCfg = Release|x64
		{C658637F-F95A-4F7C-80FD-E81EBC9BFD65}.Release|x64.Build.0 = Release|x64
		{C658637F-F95A-4F7C-80FD-E81EBC9BFD65}.Release|x64.Deploy.0 = Release|x64
		{C658637F-F95A-4F7C-80FD-E81EBC9BFD65}.Release|x86.ActiveCfg = Release|x86
		{C658637F-F95A-4F7C-80FD-E81EBC9BFD65}.Release|x86.Build.0 = Release|x86
		{C658637F-F95A-4F7C-80FD-E81EBC9BFD65}.Release|x86.Deploy.0 = Release|x86
	EndGlobalSection
	GlobalSection(SolutionProperties) = preSolution
		HideSolutionNode = FALSE
	EndGlobalSection
	GlobalSection(NestedProjects) = preSolution
		{EA6A8BC9-501D-4695-8C8D-387221EB1973} = {E7557958-F0D0-4426-BD14-ED201442E7AB}
		{56742596-03F1-4803-BBB1-1A696D1D3B02} = {E7557958-F0D0-4426-BD14-ED201442E7AB}
		{E01A5B83-7481-4F43-A6D6-8595BDCA8683} = {E7557958-F0D0-4426-BD14-ED201442E7AB}
		{763951A5-6386-471A-A2F8-76E6BF4DAD16} = {58596F70-B32C-4CA2-BFA5-FB54B6F6F9C5}
		{7DFB07D5-0830-43C6-8217-28308CC6E829} = {58596F70-B32C-4CA2-BFA5-FB54B6F6F9C5}
		{8BA53B7A-A1DA-48EB-A714-411D604605C7} = {8C4D2F96-9CE5-46B8-A3B8-564A7B8BCAF9}
		{51606195-EA80-4D5A-BAA6-002ADF02C568} = {19A5045B-A149-4B96-88E8-1D8EFC733D5C}
		{EEAD1E72-E095-476C-A532-EC6E209454A4} = {9A6FA884-A727-45F7-B30A-5E87A62492A8}
		{C658637F-F95A-4F7C-80FD-E81EBC9BFD65} = {319AEDC7-1CF5-4530-B05D-643884E35B6F}
	EndGlobalSection
EndGlobal
