
Microsoft Visual Studio Solution File, Format Version 12.00
# Visual Studio 15
VisualStudioVersion = 15.0.28307.106
MinimumVisualStudioVersion = 10.0.40219.1
Project("{FAE04EC0-301F-11D3-BF4B-00C04F79EFBC}") = "UserActivitySample", "22-UserActivitiesSample\UserActivitySample\UserActivitySample.csproj", "{FB7FC0F9-1551-4019-9213-4CC0AC4F265A}"
EndProject
Global
	GlobalSection(SolutionConfigurationPlatforms) = preSolution
		Debug|ARM = Debug|ARM
		Debug|x64 = Debug|x64
		Debug|x86 = Debug|x86
		Release|ARM = Release|ARM
		Release|x64 = Release|x64
		Release|x86 = Release|x86
	EndGlobalSection
	GlobalSection(ProjectConfigurationPlatforms) = postSolution
		{FB7FC0F9-1551-4019-9213-4CC0AC4F265A}.Debug|ARM.ActiveCfg = Debug|ARM
		{FB7FC0F9-1551-4019-9213-4CC0AC4F265A}.Debug|ARM.Build.0 = Debug|ARM
		{FB7FC0F9-1551-4019-9213-4CC0AC4F265A}.Debug|ARM.Deploy.0 = Debug|ARM
		{FB7FC0F9-1551-4019-9213-4CC0AC4F265A}.Debug|x64.ActiveCfg = Debug|x64
		{FB7FC0F9-1551-4019-9213-4CC0AC4F265A}.Debug|x64.Build.0 = Debug|x64
		{FB7FC0F9-1551-4019-9213-4CC0AC4F265A}.Debug|x64.Deploy.0 = Debug|x64
		{FB7FC0F9-1551-4019-9213-4CC0AC4F265A}.Debug|x86.ActiveCfg = Debug|x86
		{FB7FC0F9-1551-4019-9213-4CC0AC4F265A}.Debug|x86.Build.0 = Debug|x86
		{FB7FC0F9-1551-4019-9213-4CC0AC4F265A}.Debug|x86.Deploy.0 = Debug|x86
		{FB7FC0F9-1551-4019-9213-4CC0AC4F265A}.Release|ARM.ActiveCfg = Release|ARM
		{FB7FC0F9-1551-4019-9213-4CC0AC4F265A}.Release|ARM.Build.0 = Release|ARM
		{FB7FC0F9-1551-4019-9213-4CC0AC4F265A}.Release|ARM.Deploy.0 = Release|ARM
		{FB7FC0F9-1551-4019-9213-4CC0AC4F265A}.Release|x64.ActiveCfg = Release|x64
		{FB7FC0F9-1551-4019-9213-4CC0AC4F265A}.Release|x64.Build.0 = Release|x64
		{FB7FC0F9-1551-4019-9213-4CC0AC4F265A}.Release|x64.Deploy.0 = Release|x64
		{FB7FC0F9-1551-4019-9213-4CC0AC4F265A}.Release|x86.ActiveCfg = Release|x86
		{FB7FC0F9-1551-4019-9213-4CC0AC4F265A}.Release|x86.Build.0 = Release|x86
		{FB7FC0F9-1551-4019-9213-4CC0AC4F265A}.Release|x86.Deploy.0 = Release|x86
	EndGlobalSection
	GlobalSection(SolutionProperties) = preSolution
		HideSolutionNode = FALSE
	EndGlobalSection
	GlobalSection(ExtensibilityGlobals) = postSolution
		SolutionGuid = {F6565BA6-A91B-482B-A7DD-9805EDBB247E}
	EndGlobalSection
EndGlobal
