
Microsoft Visual Studio Solution File, Format Version 12.00
# Visual Studio 15
VisualStudioVersion = 15.0.28307.106
MinimumVisualStudioVersion = 10.0.40219.1
Project("{D954291E-2A0B-460D-934E-DC6B0785DB48}") = "KKYoutubeUnoApp.Shared", "KKYoutubeUnoApp\KKYoutubeUnoApp.Shared\KKYoutubeUnoApp.Shared.shproj", "{6279C845-92F8-4333-AB99-3D213163593C}"
EndProject
Project("{FAE04EC0-301F-11D3-BF4B-00C04F79EFBC}") = "KKYoutubeUnoApp.Droid", "KKYoutubeUnoApp\KKYoutubeUnoApp.Droid\KKYoutubeUnoApp.Droid.csproj", "{EC2BC09A-57D0-4A23-8EC3-35ADF2792ACA}"
EndProject
Project("{FAE04EC0-301F-11D3-BF4B-00C04F79EFBC}") = "KKYoutubeUnoApp.iOS", "KKYoutubeUnoApp\KKYoutubeUnoApp.iOS\KKYoutubeUnoApp.iOS.csproj", "{3C02FB95-5C21-488B-A8C1-0E09EF41C3A6}"
EndProject
Project("{FAE04EC0-301F-11D3-BF4B-00C04F79EFBC}") = "KKYoutubeUnoApp.UWP", "KKYoutubeUnoApp\KKYoutubeUnoApp.UWP\KKYoutubeUnoApp.UWP.csproj", "{D192478B-2DEA-4BB5-A81B-59BBB69F0D0E}"
EndProject
Project("{9A19103F-16F7-4668-BE54-9A1E7A4F7556}") = "KKYoutubeUnoApp.Wasm", "KKYoutubeUnoApp\KKYoutubeUnoApp.Wasm\KKYoutubeUnoApp.Wasm.csproj", "{8B762304-9284-40BA-8034-641B149C3AC2}"
EndProject
Global
	GlobalSection(SharedMSBuildProjectFiles) = preSolution
		KKYoutubeUnoApp\KKYoutubeUnoApp.Shared\KKYoutubeUnoApp.Shared.projitems*{3c02fb95-5c21-488b-a8c1-0e09ef41c3a6}*SharedItemsImports = 4
		KKYoutubeUnoApp\KKYoutubeUnoApp.Shared\KKYoutubeUnoApp.Shared.projitems*{6279c845-92f8-4333-ab99-3d213163593c}*SharedItemsImports = 13
		KKYoutubeUnoApp\KKYoutubeUnoApp.Shared\KKYoutubeUnoApp.Shared.projitems*{d192478b-2dea-4bb5-a81b-59bbb69f0d0e}*SharedItemsImports = 4
		KKYoutubeUnoApp\KKYoutubeUnoApp.Shared\KKYoutubeUnoApp.Shared.projitems*{ec2bc09a-57d0-4a23-8ec3-35adf2792aca}*SharedItemsImports = 4
	EndGlobalSection
	GlobalSection(SolutionConfigurationPlatforms) = preSolution
		Ad-Hoc|Any CPU = Ad-Hoc|Any CPU
		Ad-Hoc|ARM = Ad-Hoc|ARM
		Ad-Hoc|iPhone = Ad-Hoc|iPhone
		Ad-Hoc|iPhoneSimulator = Ad-Hoc|iPhoneSimulator
		Ad-Hoc|x64 = Ad-Hoc|x64
		Ad-Hoc|x86 = Ad-Hoc|x86
		AppStore|Any CPU = AppStore|Any CPU
		AppStore|ARM = AppStore|ARM
		AppStore|iPhone = AppStore|iPhone
		AppStore|iPhoneSimulator = AppStore|iPhoneSimulator
		AppStore|x64 = AppStore|x64
		AppStore|x86 = AppStore|x86
		Debug|Any CPU = Debug|Any CPU
		Debug|ARM = Debug|ARM
		Debug|iPhone = Debug|iPhone
		Debug|iPhoneSimulator = Debug|iPhoneSimulator
		Debug|x64 = Debug|x64
		Debug|x86 = Debug|x86
		Release|Any CPU = Release|Any CPU
		Release|ARM = Release|ARM
		Release|iPhone = Release|iPhone
		Release|iPhoneSimulator = Release|iPhoneSimulator
		Release|x64 = Release|x64
		Release|x86 = Release|x86
	EndGlobalSection
	GlobalSection(ProjectConfigurationPlatforms) = postSolution
		{EC2BC09A-57D0-4A23-8EC3-35ADF2792ACA}.Ad-Hoc|Any CPU.ActiveCfg = Release|Any CPU
		{EC2BC09A-57D0-4A23-8EC3-35ADF2792ACA}.Ad-Hoc|Any CPU.Build.0 = Release|Any CPU
		{EC2BC09A-57D0-4A23-8EC3-35ADF2792ACA}.Ad-Hoc|Any CPU.Deploy.0 = Release|Any CPU
		{EC2BC09A-57D0-4A23-8EC3-35ADF2792ACA}.Ad-Hoc|ARM.ActiveCfg = Release|Any CPU
		{EC2BC09A-57D0-4A23-8EC3-35ADF2792ACA}.Ad-Hoc|ARM.Build.0 = Release|Any CPU
		{EC2BC09A-57D0-4A23-8EC3-35ADF2792ACA}.Ad-Hoc|ARM.Deploy.0 = Release|Any CPU
		{EC2BC09A-57D0-4A23-8EC3-35ADF2792ACA}.Ad-Hoc|iPhone.ActiveCfg = Release|Any CPU
		{EC2BC09A-57D0-4A23-8EC3-35ADF2792ACA}.Ad-Hoc|iPhone.Build.0 = Release|Any CPU
		{EC2BC09A-57D0-4A23-8EC3-35ADF2792ACA}.Ad-Hoc|iPhone.Deploy.0 = Release|Any CPU
		{EC2BC09A-57D0-4A23-8EC3-35ADF2792ACA}.Ad-Hoc|iPhoneSimulator.ActiveCfg = Release|Any CPU
		{EC2BC09A-57D0-4A23-8EC3-35ADF2792ACA}.Ad-Hoc|iPhoneSimulator.Build.0 = Release|Any CPU
		{EC2BC09A-57D0-4A23-8EC3-35ADF2792ACA}.Ad-Hoc|iPhoneSimulator.Deploy.0 = Release|Any CPU
		{EC2BC09A-57D0-4A23-8EC3-35ADF2792ACA}.Ad-Hoc|x64.ActiveCfg = Release|Any CPU
		{EC2BC09A-57D0-4A23-8EC3-35ADF2792ACA}.Ad-Hoc|x64.Build.0 = Release|Any CPU
		{EC2BC09A-57D0-4A23-8EC3-35ADF2792ACA}.Ad-Hoc|x64.Deploy.0 = Release|Any CPU
		{EC2BC09A-57D0-4A23-8EC3-35ADF2792ACA}.Ad-Hoc|x86.ActiveCfg = Release|Any CPU
		{EC2BC09A-57D0-4A23-8EC3-35ADF2792ACA}.Ad-Hoc|x86.Build.0 = Release|Any CPU
		{EC2BC09A-57D0-4A23-8EC3-35ADF2792ACA}.Ad-Hoc|x86.Deploy.0 = Release|Any CPU
		{EC2BC09A-57D0-4A23-8EC3-35ADF2792ACA}.AppStore|Any CPU.ActiveCfg = Release|Any CPU
		{EC2BC09A-57D0-4A23-8EC3-35ADF2792ACA}.AppStore|Any CPU.Build.0 = Release|Any CPU
		{EC2BC09A-57D0-4A23-8EC3-35ADF2792ACA}.AppStore|Any CPU.Deploy.0 = Release|Any CPU
		{EC2BC09A-57D0-4A23-8EC3-35ADF2792ACA}.AppStore|ARM.ActiveCfg = Release|Any CPU
		{EC2BC09A-57D0-4A23-8EC3-35ADF2792ACA}.AppStore|ARM.Build.0 = Release|Any CPU
		{EC2BC09A-57D0-4A23-8EC3-35ADF2792ACA}.AppStore|ARM.Deploy.0 = Release|Any CPU
		{EC2BC09A-57D0-4A23-8EC3-35ADF2792ACA}.AppStore|iPhone.ActiveCfg = Release|Any CPU
		{EC2BC09A-57D0-4A23-8EC3-35ADF2792ACA}.AppStore|iPhone.Build.0 = Release|Any CPU
		{EC2BC09A-57D0-4A23-8EC3-35ADF2792ACA}.AppStore|iPhone.Deploy.0 = Release|Any CPU
		{EC2BC09A-57D0-4A23-8EC3-35ADF2792ACA}.AppStore|iPhoneSimulator.ActiveCfg = Release|Any CPU
		{EC2BC09A-57D0-4A23-8EC3-35ADF2792ACA}.AppStore|iPhoneSimulator.Build.0 = Release|Any CPU
		{EC2BC09A-57D0-4A23-8EC3-35ADF2792ACA}.AppStore|iPhoneSimulator.Deploy.0 = Release|Any CPU
		{EC2BC09A-57D0-4A23-8EC3-35ADF2792ACA}.AppStore|x64.ActiveCfg = Release|Any CPU
		{EC2BC09A-57D0-4A23-8EC3-35ADF2792ACA}.AppStore|x64.Build.0 = Release|Any CPU
		{EC2BC09A-57D0-4A23-8EC3-35ADF2792ACA}.AppStore|x64.Deploy.0 = Release|Any CPU
		{EC2BC09A-57D0-4A23-8EC3-35ADF2792ACA}.AppStore|x86.ActiveCfg = Release|Any CPU
		{EC2BC09A-57D0-4A23-8EC3-35ADF2792ACA}.AppStore|x86.Build.0 = Release|Any CPU
		{EC2BC09A-57D0-4A23-8EC3-35ADF2792ACA}.AppStore|x86.Deploy.0 = Release|Any CPU
		{EC2BC09A-57D0-4A23-8EC3-35ADF2792ACA}.Debug|Any CPU.ActiveCfg = Debug|Any CPU
		{EC2BC09A-57D0-4A23-8EC3-35ADF2792ACA}.Debug|Any CPU.Build.0 = Debug|Any CPU
		{EC2BC09A-57D0-4A23-8EC3-35ADF2792ACA}.Debug|Any CPU.Deploy.0 = Debug|Any CPU
		{EC2BC09A-57D0-4A23-8EC3-35ADF2792ACA}.Debug|ARM.ActiveCfg = Debug|Any CPU
		{EC2BC09A-57D0-4A23-8EC3-35ADF2792ACA}.Debug|ARM.Build.0 = Debug|Any CPU
		{EC2BC09A-57D0-4A23-8EC3-35ADF2792ACA}.Debug|ARM.Deploy.0 = Debug|Any CPU
		{EC2BC09A-57D0-4A23-8EC3-35ADF2792ACA}.Debug|iPhone.ActiveCfg = Debug|Any CPU
		{EC2BC09A-57D0-4A23-8EC3-35ADF2792ACA}.Debug|iPhone.Build.0 = Debug|Any CPU
		{EC2BC09A-57D0-4A23-8EC3-35ADF2792ACA}.Debug|iPhone.Deploy.0 = Debug|Any CPU
		{EC2BC09A-57D0-4A23-8EC3-35ADF2792ACA}.Debug|iPhoneSimulator.ActiveCfg = Debug|Any CPU
		{EC2BC09A-57D0-4A23-8EC3-35ADF2792ACA}.Debug|iPhoneSimulator.Build.0 = Debug|Any CPU
		{EC2BC09A-57D0-4A23-8EC3-35ADF2792ACA}.Debug|iPhoneSimulator.Deploy.0 = Debug|Any CPU
		{EC2BC09A-57D0-4A23-8EC3-35ADF2792ACA}.Debug|x64.ActiveCfg = Debug|Any CPU
		{EC2BC09A-57D0-4A23-8EC3-35ADF2792ACA}.Debug|x64.Build.0 = Debug|Any CPU
		{EC2BC09A-57D0-4A23-8EC3-35ADF2792ACA}.Debug|x64.Deploy.0 = Debug|Any CPU
		{EC2BC09A-57D0-4A23-8EC3-35ADF2792ACA}.Debug|x86.ActiveCfg = Debug|Any CPU
		{EC2BC09A-57D0-4A23-8EC3-35ADF2792ACA}.Debug|x86.Build.0 = Debug|Any CPU
		{EC2BC09A-57D0-4A23-8EC3-35ADF2792ACA}.Debug|x86.Deploy.0 = Debug|Any CPU
		{EC2BC09A-57D0-4A23-8EC3-35ADF2792ACA}.Release|Any CPU.ActiveCfg = Release|Any CPU
		{EC2BC09A-57D0-4A23-8EC3-35ADF2792ACA}.Release|Any CPU.Build.0 = Release|Any CPU
		{EC2BC09A-57D0-4A23-8EC3-35ADF2792ACA}.Release|Any CPU.Deploy.0 = Release|Any CPU
		{EC2BC09A-57D0-4A23-8EC3-35ADF2792ACA}.Release|ARM.ActiveCfg = Release|Any CPU
		{EC2BC09A-57D0-4A23-8EC3-35ADF2792ACA}.Release|ARM.Build.0 = Release|Any CPU
		{EC2BC09A-57D0-4A23-8EC3-35ADF2792ACA}.Release|ARM.Deploy.0 = Release|Any CPU
		{EC2BC09A-57D0-4A23-8EC3-35ADF2792ACA}.Release|iPhone.ActiveCfg = Release|Any CPU
		{EC2BC09A-57D0-4A23-8EC3-35ADF2792ACA}.Release|iPhone.Build.0 = Release|Any CPU
		{EC2BC09A-57D0-4A23-8EC3-35ADF2792ACA}.Release|iPhone.Deploy.0 = Release|Any CPU
		{EC2BC09A-57D0-4A23-8EC3-35ADF2792ACA}.Release|iPhoneSimulator.ActiveCfg = Release|Any CPU
		{EC2BC09A-57D0-4A23-8EC3-35ADF2792ACA}.Release|iPhoneSimulator.Build.0 = Release|Any CPU
		{EC2BC09A-57D0-4A23-8EC3-35ADF2792ACA}.Release|iPhoneSimulator.Deploy.0 = Release|Any CPU
		{EC2BC09A-57D0-4A23-8EC3-35ADF2792ACA}.Release|x64.ActiveCfg = Release|Any CPU
		{EC2BC09A-57D0-4A23-8EC3-35ADF2792ACA}.Release|x64.Build.0 = Release|Any CPU
		{EC2BC09A-57D0-4A23-8EC3-35ADF2792ACA}.Release|x64.Deploy.0 = Release|Any CPU
		{EC2BC09A-57D0-4A23-8EC3-35ADF2792ACA}.Release|x86.ActiveCfg = Release|Any CPU
		{EC2BC09A-57D0-4A23-8EC3-35ADF2792ACA}.Release|x86.Build.0 = Release|Any CPU
		{EC2BC09A-57D0-4A23-8EC3-35ADF2792ACA}.Release|x86.Deploy.0 = Release|Any CPU
		{3C02FB95-5C21-488B-A8C1-0E09EF41C3A6}.Ad-Hoc|Any CPU.ActiveCfg = Ad-Hoc|iPhone
		{3C02FB95-5C21-488B-A8C1-0E09EF41C3A6}.Ad-Hoc|ARM.ActiveCfg = Ad-Hoc|iPhone
		{3C02FB95-5C21-488B-A8C1-0E09EF41C3A6}.Ad-Hoc|iPhone.ActiveCfg = Ad-Hoc|iPhone
		{3C02FB95-5C21-488B-A8C1-0E09EF41C3A6}.Ad-Hoc|iPhone.Build.0 = Ad-Hoc|iPhone
		{3C02FB95-5C21-488B-A8C1-0E09EF41C3A6}.Ad-Hoc|iPhoneSimulator.ActiveCfg = Ad-Hoc|iPhoneSimulator
		{3C02FB95-5C21-488B-A8C1-0E09EF41C3A6}.Ad-Hoc|iPhoneSimulator.Build.0 = Ad-Hoc|iPhoneSimulator
		{3C02FB95-5C21-488B-A8C1-0E09EF41C3A6}.Ad-Hoc|x64.ActiveCfg = Ad-Hoc|iPhone
		{3C02FB95-5C21-488B-A8C1-0E09EF41C3A6}.Ad-Hoc|x86.ActiveCfg = Ad-Hoc|iPhone
		{3C02FB95-5C21-488B-A8C1-0E09EF41C3A6}.AppStore|Any CPU.ActiveCfg = AppStore|iPhone
		{3C02FB95-5C21-488B-A8C1-0E09EF41C3A6}.AppStore|ARM.ActiveCfg = AppStore|iPhone
		{3C02FB95-5C21-488B-A8C1-0E09EF41C3A6}.AppStore|iPhone.ActiveCfg = AppStore|iPhone
		{3C02FB95-5C21-488B-A8C1-0E09EF41C3A6}.AppStore|iPhone.Build.0 = AppStore|iPhone
		{3C02FB95-5C21-488B-A8C1-0E09EF41C3A6}.AppStore|iPhoneSimulator.ActiveCfg = AppStore|iPhoneSimulator
		{3C02FB95-5C21-488B-A8C1-0E09EF41C3A6}.AppStore|iPhoneSimulator.Build.0 = AppStore|iPhoneSimulator
		{3C02FB95-5C21-488B-A8C1-0E09EF41C3A6}.AppStore|x64.ActiveCfg = AppStore|iPhone
		{3C02FB95-5C21-488B-A8C1-0E09EF41C3A6}.AppStore|x86.ActiveCfg = AppStore|iPhone
		{3C02FB95-5C21-488B-A8C1-0E09EF41C3A6}.Debug|Any CPU.ActiveCfg = Debug|iPhone
		{3C02FB95-5C21-488B-A8C1-0E09EF41C3A6}.Debug|ARM.ActiveCfg = Debug|iPhone
		{3C02FB95-5C21-488B-A8C1-0E09EF41C3A6}.Debug|iPhone.ActiveCfg = Debug|iPhone
		{3C02FB95-5C21-488B-A8C1-0E09EF41C3A6}.Debug|iPhone.Build.0 = Debug|iPhone
		{3C02FB95-5C21-488B-A8C1-0E09EF41C3A6}.Debug|iPhoneSimulator.ActiveCfg = Debug|iPhoneSimulator
		{3C02FB95-5C21-488B-A8C1-0E09EF41C3A6}.Debug|iPhoneSimulator.Build.0 = Debug|iPhoneSimulator
		{3C02FB95-5C21-488B-A8C1-0E09EF41C3A6}.Debug|x64.ActiveCfg = Debug|iPhone
		{3C02FB95-5C21-488B-A8C1-0E09EF41C3A6}.Debug|x86.ActiveCfg = Debug|iPhone
		{3C02FB95-5C21-488B-A8C1-0E09EF41C3A6}.Release|Any CPU.ActiveCfg = Release|iPhone
		{3C02FB95-5C21-488B-A8C1-0E09EF41C3A6}.Release|ARM.ActiveCfg = Release|iPhone
		{3C02FB95-5C21-488B-A8C1-0E09EF41C3A6}.Release|iPhone.ActiveCfg = Release|iPhone
		{3C02FB95-5C21-488B-A8C1-0E09EF41C3A6}.Release|iPhone.Build.0 = Release|iPhone
		{3C02FB95-5C21-488B-A8C1-0E09EF41C3A6}.Release|iPhoneSimulator.ActiveCfg = Release|iPhoneSimulator
		{3C02FB95-5C21-488B-A8C1-0E09EF41C3A6}.Release|iPhoneSimulator.Build.0 = Release|iPhoneSimulator
		{3C02FB95-5C21-488B-A8C1-0E09EF41C3A6}.Release|x64.ActiveCfg = Release|iPhone
		{3C02FB95-5C21-488B-A8C1-0E09EF41C3A6}.Release|x86.ActiveCfg = Release|iPhone
		{D192478B-2DEA-4BB5-A81B-59BBB69F0D0E}.Ad-Hoc|Any CPU.ActiveCfg = Release|x64
		{D192478B-2DEA-4BB5-A81B-59BBB69F0D0E}.Ad-Hoc|Any CPU.Build.0 = Release|x64
		{D192478B-2DEA-4BB5-A81B-59BBB69F0D0E}.Ad-Hoc|Any CPU.Deploy.0 = Release|x64
		{D192478B-2DEA-4BB5-A81B-59BBB69F0D0E}.Ad-Hoc|ARM.ActiveCfg = Release|ARM
		{D192478B-2DEA-4BB5-A81B-59BBB69F0D0E}.Ad-Hoc|ARM.Build.0 = Release|ARM
		{D192478B-2DEA-4BB5-A81B-59BBB69F0D0E}.Ad-Hoc|ARM.Deploy.0 = Release|ARM
		{D192478B-2DEA-4BB5-A81B-59BBB69F0D0E}.Ad-Hoc|iPhone.ActiveCfg = Release|x64
		{D192478B-2DEA-4BB5-A81B-59BBB69F0D0E}.Ad-Hoc|iPhone.Build.0 = Release|x64
		{D192478B-2DEA-4BB5-A81B-59BBB69F0D0E}.Ad-Hoc|iPhone.Deploy.0 = Release|x64
		{D192478B-2DEA-4BB5-A81B-59BBB69F0D0E}.Ad-Hoc|iPhoneSimulator.ActiveCfg = Release|x64
		{D192478B-2DEA-4BB5-A81B-59BBB69F0D0E}.Ad-Hoc|iPhoneSimulator.Build.0 = Release|x64
		{D192478B-2DEA-4BB5-A81B-59BBB69F0D0E}.Ad-Hoc|iPhoneSimulator.Deploy.0 = Release|x64
		{D192478B-2DEA-4BB5-A81B-59BBB69F0D0E}.Ad-Hoc|x64.ActiveCfg = Release|x64
		{D192478B-2DEA-4BB5-A81B-59BBB69F0D0E}.Ad-Hoc|x64.Build.0 = Release|x64
		{D192478B-2DEA-4BB5-A81B-59BBB69F0D0E}.Ad-Hoc|x64.Deploy.0 = Release|x64
		{D192478B-2DEA-4BB5-A81B-59BBB69F0D0E}.Ad-Hoc|x86.ActiveCfg = Release|x86
		{D192478B-2DEA-4BB5-A81B-59BBB69F0D0E}.Ad-Hoc|x86.Build.0 = Release|x86
		{D192478B-2DEA-4BB5-A81B-59BBB69F0D0E}.Ad-Hoc|x86.Deploy.0 = Release|x86
		{D192478B-2DEA-4BB5-A81B-59BBB69F0D0E}.AppStore|Any CPU.ActiveCfg = Release|x64
		{D192478B-2DEA-4BB5-A81B-59BBB69F0D0E}.AppStore|Any CPU.Build.0 = Release|x64
		{D192478B-2DEA-4BB5-A81B-59BBB69F0D0E}.AppStore|Any CPU.Deploy.0 = Release|x64
		{D192478B-2DEA-4BB5-A81B-59BBB69F0D0E}.AppStore|ARM.ActiveCfg = Release|ARM
		{D192478B-2DEA-4BB5-A81B-59BBB69F0D0E}.AppStore|ARM.Build.0 = Release|ARM
		{D192478B-2DEA-4BB5-A81B-59BBB69F0D0E}.AppStore|ARM.Deploy.0 = Release|ARM
		{D192478B-2DEA-4BB5-A81B-59BBB69F0D0E}.AppStore|iPhone.ActiveCfg = Release|x64
		{D192478B-2DEA-4BB5-A81B-59BBB69F0D0E}.AppStore|iPhone.Build.0 = Release|x64
		{D192478B-2DEA-4BB5-A81B-59BBB69F0D0E}.AppStore|iPhone.Deploy.0 = Release|x64
		{D192478B-2DEA-4BB5-A81B-59BBB69F0D0E}.AppStore|iPhoneSimulator.ActiveCfg = Release|x64
		{D192478B-2DEA-4BB5-A81B-59BBB69F0D0E}.AppStore|iPhoneSimulator.Build.0 = Release|x64
		{D192478B-2DEA-4BB5-A81B-59BBB69F0D0E}.AppStore|iPhoneSimulator.Deploy.0 = Release|x64
		{D192478B-2DEA-4BB5-A81B-59BBB69F0D0E}.AppStore|x64.ActiveCfg = Release|x64
		{D192478B-2DEA-4BB5-A81B-59BBB69F0D0E}.AppStore|x64.Build.0 = Release|x64
		{D192478B-2DEA-4BB5-A81B-59BBB69F0D0E}.AppStore|x64.Deploy.0 = Release|x64
		{D192478B-2DEA-4BB5-A81B-59BBB69F0D0E}.AppStore|x86.ActiveCfg = Release|x86
		{D192478B-2DEA-4BB5-A81B-59BBB69F0D0E}.AppStore|x86.Build.0 = Release|x86
		{D192478B-2DEA-4BB5-A81B-59BBB69F0D0E}.AppStore|x86.Deploy.0 = Release|x86
		{D192478B-2DEA-4BB5-A81B-59BBB69F0D0E}.Debug|Any CPU.ActiveCfg = Debug|x86
		{D192478B-2DEA-4BB5-A81B-59BBB69F0D0E}.Debug|ARM.ActiveCfg = Debug|ARM
		{D192478B-2DEA-4BB5-A81B-59BBB69F0D0E}.Debug|ARM.Build.0 = Debug|ARM
		{D192478B-2DEA-4BB5-A81B-59BBB69F0D0E}.Debug|ARM.Deploy.0 = Debug|ARM
		{D192478B-2DEA-4BB5-A81B-59BBB69F0D0E}.Debug|iPhone.ActiveCfg = Debug|x86
		{D192478B-2DEA-4BB5-A81B-59BBB69F0D0E}.Debug|iPhoneSimulator.ActiveCfg = Debug|x86
		{D192478B-2DEA-4BB5-A81B-59BBB69F0D0E}.Debug|x64.ActiveCfg = Debug|x64
		{D192478B-2DEA-4BB5-A81B-59BBB69F0D0E}.Debug|x64.Build.0 = Debug|x64
		{D192478B-2DEA-4BB5-A81B-59BBB69F0D0E}.Debug|x64.Deploy.0 = Debug|x64
		{D192478B-2DEA-4BB5-A81B-59BBB69F0D0E}.Debug|x86.ActiveCfg = Debug|x86
		{D192478B-2DEA-4BB5-A81B-59BBB69F0D0E}.Debug|x86.Build.0 = Debug|x86
		{D192478B-2DEA-4BB5-A81B-59BBB69F0D0E}.Debug|x86.Deploy.0 = Debug|x86
		{D192478B-2DEA-4BB5-A81B-59BBB69F0D0E}.Release|Any CPU.ActiveCfg = Release|x86
		{D192478B-2DEA-4BB5-A81B-59BBB69F0D0E}.Release|ARM.ActiveCfg = Release|ARM
		{D192478B-2DEA-4BB5-A81B-59BBB69F0D0E}.Release|ARM.Build.0 = Release|ARM
		{D192478B-2DEA-4BB5-A81B-59BBB69F0D0E}.Release|ARM.Deploy.0 = Release|ARM
		{D192478B-2DEA-4BB5-A81B-59BBB69F0D0E}.Release|iPhone.ActiveCfg = Release|x86
		{D192478B-2DEA-4BB5-A81B-59BBB69F0D0E}.Release|iPhoneSimulator.ActiveCfg = Release|x86
		{D192478B-2DEA-4BB5-A81B-59BBB69F0D0E}.Release|x64.ActiveCfg = Release|x64
		{D192478B-2DEA-4BB5-A81B-59BBB69F0D0E}.Release|x64.Build.0 = Release|x64
		{D192478B-2DEA-4BB5-A81B-59BBB69F0D0E}.Release|x64.Deploy.0 = Release|x64
		{D192478B-2DEA-4BB5-A81B-59BBB69F0D0E}.Release|x86.ActiveCfg = Release|x86
		{D192478B-2DEA-4BB5-A81B-59BBB69F0D0E}.Release|x86.Build.0 = Release|x86
		{D192478B-2DEA-4BB5-A81B-59BBB69F0D0E}.Release|x86.Deploy.0 = Release|x86
		{8B762304-9284-40BA-8034-641B149C3AC2}.Ad-Hoc|Any CPU.ActiveCfg = Debug|Any CPU
		{8B762304-9284-40BA-8034-641B149C3AC2}.Ad-Hoc|Any CPU.Build.0 = Debug|Any CPU
		{8B762304-9284-40BA-8034-641B149C3AC2}.Ad-Hoc|ARM.ActiveCfg = Debug|Any CPU
		{8B762304-9284-40BA-8034-641B149C3AC2}.Ad-Hoc|ARM.Build.0 = Debug|Any CPU
		{8B762304-9284-40BA-8034-641B149C3AC2}.Ad-Hoc|iPhone.ActiveCfg = Debug|Any CPU
		{8B762304-9284-40BA-8034-641B149C3AC2}.Ad-Hoc|iPhone.Build.0 = Debug|Any CPU
		{8B762304-9284-40BA-8034-641B149C3AC2}.Ad-Hoc|iPhoneSimulator.ActiveCfg = Debug|Any CPU
		{8B762304-9284-40BA-8034-641B149C3AC2}.Ad-Hoc|iPhoneSimulator.Build.0 = Debug|Any CPU
		{8B762304-9284-40BA-8034-641B149C3AC2}.Ad-Hoc|x64.ActiveCfg = Debug|Any CPU
		{8B762304-9284-40BA-8034-641B149C3AC2}.Ad-Hoc|x64.Build.0 = Debug|Any CPU
		{8B762304-9284-40BA-8034-641B149C3AC2}.Ad-Hoc|x86.ActiveCfg = Debug|Any CPU
		{8B762304-9284-40BA-8034-641B149C3AC2}.Ad-Hoc|x86.Build.0 = Debug|Any CPU
		{8B762304-9284-40BA-8034-641B149C3AC2}.AppStore|Any CPU.ActiveCfg = Debug|Any CPU
		{8B762304-9284-40BA-8034-641B149C3AC2}.AppStore|Any CPU.Build.0 = Debug|Any CPU
		{8B762304-9284-40BA-8034-641B149C3AC2}.AppStore|ARM.ActiveCfg = Debug|Any CPU
		{8B762304-9284-40BA-8034-641B149C3AC2}.AppStore|ARM.Build.0 = Debug|Any CPU
		{8B762304-9284-40BA-8034-641B149C3AC2}.AppStore|iPhone.ActiveCfg = Debug|Any CPU
		{8B762304-9284-40BA-8034-641B149C3AC2}.AppStore|iPhone.Build.0 = Debug|Any CPU
		{8B762304-9284-40BA-8034-641B149C3AC2}.AppStore|iPhoneSimulator.ActiveCfg = Debug|Any CPU
		{8B762304-9284-40BA-8034-641B149C3AC2}.AppStore|iPhoneSimulator.Build.0 = Debug|Any CPU
		{8B762304-9284-40BA-8034-641B149C3AC2}.AppStore|x64.ActiveCfg = Debug|Any CPU
		{8B762304-9284-40BA-8034-641B149C3AC2}.AppStore|x64.Build.0 = Debug|Any CPU
		{8B762304-9284-40BA-8034-641B149C3AC2}.AppStore|x86.ActiveCfg = Debug|Any CPU
		{8B762304-9284-40BA-8034-641B149C3AC2}.AppStore|x86.Build.0 = Debug|Any CPU
		{8B762304-9284-40BA-8034-641B149C3AC2}.Debug|Any CPU.ActiveCfg = Debug|Any CPU
		{8B762304-9284-40BA-8034-641B149C3AC2}.Debug|Any CPU.Build.0 = Debug|Any CPU
		{8B762304-9284-40BA-8034-641B149C3AC2}.Debug|ARM.ActiveCfg = Debug|Any CPU
		{8B762304-9284-40BA-8034-641B149C3AC2}.Debug|ARM.Build.0 = Debug|Any CPU
		{8B762304-9284-40BA-8034-641B149C3AC2}.Debug|iPhone.ActiveCfg = Debug|Any CPU
		{8B762304-9284-40BA-8034-641B149C3AC2}.Debug|iPhone.Build.0 = Debug|Any CPU
		{8B762304-9284-40BA-8034-641B149C3AC2}.Debug|iPhoneSimulator.ActiveCfg = Debug|Any CPU
		{8B762304-9284-40BA-8034-641B149C3AC2}.Debug|iPhoneSimulator.Build.0 = Debug|Any CPU
		{8B762304-9284-40BA-8034-641B149C3AC2}.Debug|x64.ActiveCfg = Debug|Any CPU
		{8B762304-9284-40BA-8034-641B149C3AC2}.Debug|x64.Build.0 = Debug|Any CPU
		{8B762304-9284-40BA-8034-641B149C3AC2}.Debug|x86.ActiveCfg = Debug|Any CPU
		{8B762304-9284-40BA-8034-641B149C3AC2}.Debug|x86.Build.0 = Debug|Any CPU
		{8B762304-9284-40BA-8034-641B149C3AC2}.Release|Any CPU.ActiveCfg = Release|Any CPU
		{8B762304-9284-40BA-8034-641B149C3AC2}.Release|Any CPU.Build.0 = Release|Any CPU
		{8B762304-9284-40BA-8034-641B149C3AC2}.Release|ARM.ActiveCfg = Release|Any CPU
		{8B762304-9284-40BA-8034-641B149C3AC2}.Release|ARM.Build.0 = Release|Any CPU
		{8B762304-9284-40BA-8034-641B149C3AC2}.Release|iPhone.ActiveCfg = Release|Any CPU
		{8B762304-9284-40BA-8034-641B149C3AC2}.Release|iPhone.Build.0 = Release|Any CPU
		{8B762304-9284-40BA-8034-641B149C3AC2}.Release|iPhoneSimulator.ActiveCfg = Release|Any CPU
		{8B762304-9284-40BA-8034-641B149C3AC2}.Release|iPhoneSimulator.Build.0 = Release|Any CPU
		{8B762304-9284-40BA-8034-641B149C3AC2}.Release|x64.ActiveCfg = Release|Any CPU
		{8B762304-9284-40BA-8034-641B149C3AC2}.Release|x64.Build.0 = Release|Any CPU
		{8B762304-9284-40BA-8034-641B149C3AC2}.Release|x86.ActiveCfg = Release|Any CPU
		{8B762304-9284-40BA-8034-641B149C3AC2}.Release|x86.Build.0 = Release|Any CPU
	EndGlobalSection
	GlobalSection(SolutionProperties) = preSolution
		HideSolutionNode = FALSE
	EndGlobalSection
	GlobalSection(ExtensibilityGlobals) = postSolution
		SolutionGuid = {730FD4FB-2A8D-446B-B6B9-494CCFC8FF62}
	EndGlobalSection
EndGlobal
