
Microsoft Visual Studio Solution File, Format Version 12.00
# Visual Studio 15
VisualStudioVersion = 15.0.28307.168
MinimumVisualStudioVersion = 10.0.40219.1
Project("{FAE04EC0-301F-11D3-BF4B-00C04F79EFBC}") = "UWPWithWin32", "UWPWithWin32\UWPWithWin32.csproj", "{0A451DFB-1E8A-4AA1-9474-F4C4E2BBE401}"
EndProject
Project("{FAE04EC0-301F-11D3-BF4B-00C04F79EFBC}") = "WPFApp", "WPFApp\WPFApp.csproj", "{04207532-2FA2-4E9F-9976-36751C5EC295}"
EndProject
Project("{C7167F0D-BC9F-4E6E-AFE1-012C56B48DB5}") = "WapProjUWPWin32Sample", "WapProjUWPWin32Sample\WapProjUWPWin32Sample.wapproj", "{5A3FD022-3707-4DC8-AD22-44CD44332643}"
EndProject
Global
	GlobalSection(SolutionConfigurationPlatforms) = preSolution
		Debug|Any CPU = Debug|Any CPU
		Debug|ARM = Debug|ARM
		Debug|ARM64 = Debug|ARM64
		Debug|x64 = Debug|x64
		Debug|x86 = Debug|x86
		Release|Any CPU = Release|Any CPU
		Release|ARM = Release|ARM
		Release|ARM64 = Release|ARM64
		Release|x64 = Release|x64
		Release|x86 = Release|x86
	EndGlobalSection
	GlobalSection(ProjectConfigurationPlatforms) = postSolution
		{0A451DFB-1E8A-4AA1-9474-F4C4E2BBE401}.Debug|Any CPU.ActiveCfg = Debug|x86
		{0A451DFB-1E8A-4AA1-9474-F4C4E2BBE401}.Debug|ARM.ActiveCfg = Debug|ARM
		{0A451DFB-1E8A-4AA1-9474-F4C4E2BBE401}.Debug|ARM.Build.0 = Debug|ARM
		{0A451DFB-1E8A-4AA1-9474-F4C4E2BBE401}.Debug|ARM.Deploy.0 = Debug|ARM
		{0A451DFB-1E8A-4AA1-9474-F4C4E2BBE401}.Debug|ARM64.ActiveCfg = Debug|ARM64
		{0A451DFB-1E8A-4AA1-9474-F4C4E2BBE401}.Debug|ARM64.Build.0 = Debug|ARM64
		{0A451DFB-1E8A-4AA1-9474-F4C4E2BBE401}.Debug|ARM64.Deploy.0 = Debug|ARM64
		{0A451DFB-1E8A-4AA1-9474-F4C4E2BBE401}.Debug|x64.ActiveCfg = Debug|x64
		{0A451DFB-1E8A-4AA1-9474-F4C4E2BBE401}.Debug|x64.Build.0 = Debug|x64
		{0A451DFB-1E8A-4AA1-9474-F4C4E2BBE401}.Debug|x64.Deploy.0 = Debug|x64
		{0A451DFB-1E8A-4AA1-9474-F4C4E2BBE401}.Debug|x86.ActiveCfg = Debug|x86
		{0A451DFB-1E8A-4AA1-9474-F4C4E2BBE401}.Debug|x86.Build.0 = Debug|x86
		{0A451DFB-1E8A-4AA1-9474-F4C4E2BBE401}.Debug|x86.Deploy.0 = Debug|x86
		{0A451DFB-1E8A-4AA1-9474-F4C4E2BBE401}.Release|Any CPU.ActiveCfg = Release|x86
		{0A451DFB-1E8A-4AA1-9474-F4C4E2BBE401}.Release|ARM.ActiveCfg = Release|ARM
		{0A451DFB-1E8A-4AA1-9474-F4C4E2BBE401}.Release|ARM.Build.0 = Release|ARM
		{0A451DFB-1E8A-4AA1-9474-F4C4E2BBE401}.Release|ARM.Deploy.0 = Release|ARM
		{0A451DFB-1E8A-4AA1-9474-F4C4E2BBE401}.Release|ARM64.ActiveCfg = Release|ARM64
		{0A451DFB-1E8A-4AA1-9474-F4C4E2BBE401}.Release|ARM64.Build.0 = Release|ARM64
		{0A451DFB-1E8A-4AA1-9474-F4C4E2BBE401}.Release|ARM64.Deploy.0 = Release|ARM64
		{0A451DFB-1E8A-4AA1-9474-F4C4E2BBE401}.Release|x64.ActiveCfg = Release|x64
		{0A451DFB-1E8A-4AA1-9474-F4C4E2BBE401}.Release|x64.Build.0 = Release|x64
		{0A451DFB-1E8A-4AA1-9474-F4C4E2BBE401}.Release|x64.Deploy.0 = Release|x64
		{0A451DFB-1E8A-4AA1-9474-F4C4E2BBE401}.Release|x86.ActiveCfg = Release|x86
		{0A451DFB-1E8A-4AA1-9474-F4C4E2BBE401}.Release|x86.Build.0 = Release|x86
		{0A451DFB-1E8A-4AA1-9474-F4C4E2BBE401}.Release|x86.Deploy.0 = Release|x86
		{04207532-2FA2-4E9F-9976-36751C5EC295}.Debug|Any CPU.ActiveCfg = Debug|Any CPU
		{04207532-2FA2-4E9F-9976-36751C5EC295}.Debug|Any CPU.Build.0 = Debug|Any CPU
		{04207532-2FA2-4E9F-9976-36751C5EC295}.Debug|ARM.ActiveCfg = Debug|Any CPU
		{04207532-2FA2-4E9F-9976-36751C5EC295}.Debug|ARM.Build.0 = Debug|Any CPU
		{04207532-2FA2-4E9F-9976-36751C5EC295}.Debug|ARM64.ActiveCfg = Debug|Any CPU
		{04207532-2FA2-4E9F-9976-36751C5EC295}.Debug|ARM64.Build.0 = Debug|Any CPU
		{04207532-2FA2-4E9F-9976-36751C5EC295}.Debug|x64.ActiveCfg = Debug|Any CPU
		{04207532-2FA2-4E9F-9976-36751C5EC295}.Debug|x64.Build.0 = Debug|Any CPU
		{04207532-2FA2-4E9F-9976-36751C5EC295}.Debug|x86.ActiveCfg = Debug|Any CPU
		{04207532-2FA2-4E9F-9976-36751C5EC295}.Debug|x86.Build.0 = Debug|Any CPU
		{04207532-2FA2-4E9F-9976-36751C5EC295}.Release|Any CPU.ActiveCfg = Release|Any CPU
		{04207532-2FA2-4E9F-9976-36751C5EC295}.Release|Any CPU.Build.0 = Release|Any CPU
		{04207532-2FA2-4E9F-9976-36751C5EC295}.Release|ARM.ActiveCfg = Release|Any CPU
		{04207532-2FA2-4E9F-9976-36751C5EC295}.Release|ARM.Build.0 = Release|Any CPU
		{04207532-2FA2-4E9F-9976-36751C5EC295}.Release|ARM64.ActiveCfg = Release|Any CPU
		{04207532-2FA2-4E9F-9976-36751C5EC295}.Release|ARM64.Build.0 = Release|Any CPU
		{04207532-2FA2-4E9F-9976-36751C5EC295}.Release|x64.ActiveCfg = Release|Any CPU
		{04207532-2FA2-4E9F-9976-36751C5EC295}.Release|x64.Build.0 = Release|Any CPU
		{04207532-2FA2-4E9F-9976-36751C5EC295}.Release|x86.ActiveCfg = Release|Any CPU
		{04207532-2FA2-4E9F-9976-36751C5EC295}.Release|x86.Build.0 = Release|Any CPU
		{5A3FD022-3707-4DC8-AD22-44CD44332643}.Debug|Any CPU.ActiveCfg = Debug|Any CPU
		{5A3FD022-3707-4DC8-AD22-44CD44332643}.Debug|Any CPU.Build.0 = Debug|Any CPU
		{5A3FD022-3707-4DC8-AD22-44CD44332643}.Debug|Any CPU.Deploy.0 = Debug|Any CPU
		{5A3FD022-3707-4DC8-AD22-44CD44332643}.Debug|ARM.ActiveCfg = Debug|Any CPU
		{5A3FD022-3707-4DC8-AD22-44CD44332643}.Debug|ARM.Build.0 = Debug|Any CPU
		{5A3FD022-3707-4DC8-AD22-44CD44332643}.Debug|ARM.Deploy.0 = Debug|Any CPU
		{5A3FD022-3707-4DC8-AD22-44CD44332643}.Debug|ARM64.ActiveCfg = Debug|Any CPU
		{5A3FD022-3707-4DC8-AD22-44CD44332643}.Debug|ARM64.Build.0 = Debug|Any CPU
		{5A3FD022-3707-4DC8-AD22-44CD44332643}.Debug|ARM64.Deploy.0 = Debug|Any CPU
		{5A3FD022-3707-4DC8-AD22-44CD44332643}.Debug|x64.ActiveCfg = Debug|x64
		{5A3FD022-3707-4DC8-AD22-44CD44332643}.Debug|x64.Build.0 = Debug|x64
		{5A3FD022-3707-4DC8-AD22-44CD44332643}.Debug|x64.Deploy.0 = Debug|x64
		{5A3FD022-3707-4DC8-AD22-44CD44332643}.Debug|x86.ActiveCfg = Debug|x86
		{5A3FD022-3707-4DC8-AD22-44CD44332643}.Debug|x86.Build.0 = Debug|x86
		{5A3FD022-3707-4DC8-AD22-44CD44332643}.Debug|x86.Deploy.0 = Debug|x86
		{5A3FD022-3707-4DC8-AD22-44CD44332643}.Release|Any CPU.ActiveCfg = Release|Any CPU
		{5A3FD022-3707-4DC8-AD22-44CD44332643}.Release|Any CPU.Build.0 = Release|Any CPU
		{5A3FD022-3707-4DC8-AD22-44CD44332643}.Release|Any CPU.Deploy.0 = Release|Any CPU
		{5A3FD022-3707-4DC8-AD22-44CD44332643}.Release|ARM.ActiveCfg = Release|Any CPU
		{5A3FD022-3707-4DC8-AD22-44CD44332643}.Release|ARM.Build.0 = Release|Any CPU
		{5A3FD022-3707-4DC8-AD22-44CD44332643}.Release|ARM.Deploy.0 = Release|Any CPU
		{5A3FD022-3707-4DC8-AD22-44CD44332643}.Release|ARM64.ActiveCfg = Release|Any CPU
		{5A3FD022-3707-4DC8-AD22-44CD44332643}.Release|ARM64.Build.0 = Release|Any CPU
		{5A3FD022-3707-4DC8-AD22-44CD44332643}.Release|ARM64.Deploy.0 = Release|Any CPU
		{5A3FD022-3707-4DC8-AD22-44CD44332643}.Release|x64.ActiveCfg = Release|x64
		{5A3FD022-3707-4DC8-AD22-44CD44332643}.Release|x64.Build.0 = Release|x64
		{5A3FD022-3707-4DC8-AD22-44CD44332643}.Release|x64.Deploy.0 = Release|x64
		{5A3FD022-3707-4DC8-AD22-44CD44332643}.Release|x86.ActiveCfg = Release|x86
		{5A3FD022-3707-4DC8-AD22-44CD44332643}.Release|x86.Build.0 = Release|x86
		{5A3FD022-3707-4DC8-AD22-44CD44332643}.Release|x86.Deploy.0 = Release|x86
	EndGlobalSection
	GlobalSection(SolutionProperties) = preSolution
		HideSolutionNode = FALSE
	EndGlobalSection
	GlobalSection(ExtensibilityGlobals) = postSolution
		SolutionGuid = {A3A39602-7076-4C9D-88AF-8E66ADC0A89A}
	EndGlobalSection
EndGlobal
