
Microsoft Visual Studio Solution File, Format Version 12.00
# Visual Studio 15
VisualStudioVersion = 15.0.28307.106
MinimumVisualStudioVersion = 10.0.40219.1
Project("{FAE04EC0-301F-11D3-BF4B-00C04F79EFBC}") = "CollectionListSample", "09-CollectionListSample\CollectionListSample\CollectionListSample.csproj", "{F5D0D92D-9A36-48AC-8365-B14CD98D3A46}"
EndProject
Global
	GlobalSection(SolutionConfigurationPlatforms) = preSolution
		Debug|ARM = Debug|ARM
		Debug|x64 = Debug|x64
		Debug|x86 = Debug|x86
		Release|ARM = Release|ARM
		Release|x64 = Release|x64
		Release|x86 = Release|x86
	EndGlobalSection
	GlobalSection(ProjectConfigurationPlatforms) = postSolution
		{F5D0D92D-9A36-48AC-8365-B14CD98D3A46}.Debug|ARM.ActiveCfg = Debug|ARM
		{F5D0D92D-9A36-48AC-8365-B14CD98D3A46}.Debug|ARM.Build.0 = Debug|ARM
		{F5D0D92D-9A36-48AC-8365-B14CD98D3A46}.Debug|ARM.Deploy.0 = Debug|ARM
		{F5D0D92D-9A36-48AC-8365-B14CD98D3A46}.Debug|x64.ActiveCfg = Debug|x64
		{F5D0D92D-9A36-48AC-8365-B14CD98D3A46}.Debug|x64.Build.0 = Debug|x64
		{F5D0D92D-9A36-48AC-8365-B14CD98D3A46}.Debug|x64.Deploy.0 = Debug|x64
		{F5D0D92D-9A36-48AC-8365-B14CD98D3A46}.Debug|x86.ActiveCfg = Debug|x86
		{F5D0D92D-9A36-48AC-8365-B14CD98D3A46}.Debug|x86.Build.0 = Debug|x86
		{F5D0D92D-9A36-48AC-8365-B14CD98D3A46}.Debug|x86.Deploy.0 = Debug|x86
		{F5D0D92D-9A36-48AC-8365-B14CD98D3A46}.Release|ARM.ActiveCfg = Release|ARM
		{F5D0D92D-9A36-48AC-8365-B14CD98D3A46}.Release|ARM.Build.0 = Release|ARM
		{F5D0D92D-9A36-48AC-8365-B14CD98D3A46}.Release|ARM.Deploy.0 = Release|ARM
		{F5D0D92D-9A36-48AC-8365-B14CD98D3A46}.Release|x64.ActiveCfg = Release|x64
		{F5D0D92D-9A36-48AC-8365-B14CD98D3A46}.Release|x64.Build.0 = Release|x64
		{F5D0D92D-9A36-48AC-8365-B14CD98D3A46}.Release|x64.Deploy.0 = Release|x64
		{F5D0D92D-9A36-48AC-8365-B14CD98D3A46}.Release|x86.ActiveCfg = Release|x86
		{F5D0D92D-9A36-48AC-8365-B14CD98D3A46}.Release|x86.Build.0 = Release|x86
		{F5D0D92D-9A36-48AC-8365-B14CD98D3A46}.Release|x86.Deploy.0 = Release|x86
	EndGlobalSection
	GlobalSection(SolutionProperties) = preSolution
		HideSolutionNode = FALSE
	EndGlobalSection
	GlobalSection(ExtensibilityGlobals) = postSolution
		SolutionGuid = {6486846B-2AC1-4BCA-82F5-0115E6D86009}
	EndGlobalSection
EndGlobal
