
Microsoft Visual Studio Solution File, Format Version 12.00
# Visual Studio Version 16
VisualStudioVersion = 16.0.28606.126
MinimumVisualStudioVersion = 10.0.40219.1
Project("{FAE04EC0-301F-11D3-BF4B-00C04F79EFBC}") = "WPFWithBackgroundTask", "WPFWithBackgroundTask.csproj", "{B0E747F1-8064-4C4F-926E-5C641DA99C5B}"
EndProject
Project("{FAE04EC0-301F-11D3-BF4B-00C04F79EFBC}") = "MyBackgroundTask", "..\MyBackgroundTask\MyBackgroundTask.csproj", "{AAEC4269-CE26-4B67-A599-92A4E0805462}"
EndProject
Project("{C7167F0D-BC9F-4E6E-AFE1-012C56B48DB5}") = "WapProjTemplate1", "..\WapProjTemplate1\WapProjTemplate1.wapproj", "{FD2D401E-0CD1-48DF-9812-CD56909D97CF}"
EndProject
Global
	GlobalSection(SolutionConfigurationPlatforms) = preSolution
		Debug|Any CPU = Debug|Any CPU
		Debug|ARM = Debug|ARM
		Debug|ARM64 = Debug|ARM64
		Debug|x64 = Debug|x64
		Debug|x86 = Debug|x86
		Release|Any CPU = Release|Any CPU
		Release|ARM = Release|ARM
		Release|ARM64 = Release|ARM64
		Release|x64 = Release|x64
		Release|x86 = Release|x86
	EndGlobalSection
	GlobalSection(ProjectConfigurationPlatforms) = postSolution
		{B0E747F1-8064-4C4F-926E-5C641DA99C5B}.Debug|Any CPU.ActiveCfg = Debug|Any CPU
		{B0E747F1-8064-4C4F-926E-5C641DA99C5B}.Debug|Any CPU.Build.0 = Debug|Any CPU
		{B0E747F1-8064-4C4F-926E-5C641DA99C5B}.Debug|ARM.ActiveCfg = Debug|Any CPU
		{B0E747F1-8064-4C4F-926E-5C641DA99C5B}.Debug|ARM.Build.0 = Debug|Any CPU
		{B0E747F1-8064-4C4F-926E-5C641DA99C5B}.Debug|ARM64.ActiveCfg = Debug|Any CPU
		{B0E747F1-8064-4C4F-926E-5C641DA99C5B}.Debug|ARM64.Build.0 = Debug|Any CPU
		{B0E747F1-8064-4C4F-926E-5C641DA99C5B}.Debug|x64.ActiveCfg = Debug|Any CPU
		{B0E747F1-8064-4C4F-926E-5C641DA99C5B}.Debug|x64.Build.0 = Debug|Any CPU
		{B0E747F1-8064-4C4F-926E-5C641DA99C5B}.Debug|x86.ActiveCfg = Debug|Any CPU
		{B0E747F1-8064-4C4F-926E-5C641DA99C5B}.Debug|x86.Build.0 = Debug|Any CPU
		{B0E747F1-8064-4C4F-926E-5C641DA99C5B}.Release|Any CPU.ActiveCfg = Release|Any CPU
		{B0E747F1-8064-4C4F-926E-5C641DA99C5B}.Release|Any CPU.Build.0 = Release|Any CPU
		{B0E747F1-8064-4C4F-926E-5C641DA99C5B}.Release|ARM.ActiveCfg = Release|Any CPU
		{B0E747F1-8064-4C4F-926E-5C641DA99C5B}.Release|ARM.Build.0 = Release|Any CPU
		{B0E747F1-8064-4C4F-926E-5C641DA99C5B}.Release|ARM64.ActiveCfg = Release|Any CPU
		{B0E747F1-8064-4C4F-926E-5C641DA99C5B}.Release|ARM64.Build.0 = Release|Any CPU
		{B0E747F1-8064-4C4F-926E-5C641DA99C5B}.Release|x64.ActiveCfg = Release|Any CPU
		{B0E747F1-8064-4C4F-926E-5C641DA99C5B}.Release|x64.Build.0 = Release|Any CPU
		{B0E747F1-8064-4C4F-926E-5C641DA99C5B}.Release|x86.ActiveCfg = Release|Any CPU
		{B0E747F1-8064-4C4F-926E-5C641DA99C5B}.Release|x86.Build.0 = Release|Any CPU
		{AAEC4269-CE26-4B67-A599-92A4E0805462}.Debug|Any CPU.ActiveCfg = Debug|Any CPU
		{AAEC4269-CE26-4B67-A599-92A4E0805462}.Debug|Any CPU.Build.0 = Debug|Any CPU
		{AAEC4269-CE26-4B67-A599-92A4E0805462}.Debug|ARM.ActiveCfg = Debug|ARM
		{AAEC4269-CE26-4B67-A599-92A4E0805462}.Debug|ARM.Build.0 = Debug|ARM
		{AAEC4269-CE26-4B67-A599-92A4E0805462}.Debug|ARM64.ActiveCfg = Debug|ARM64
		{AAEC4269-CE26-4B67-A599-92A4E0805462}.Debug|ARM64.Build.0 = Debug|ARM64
		{AAEC4269-CE26-4B67-A599-92A4E0805462}.Debug|x64.ActiveCfg = Debug|x64
		{AAEC4269-CE26-4B67-A599-92A4E0805462}.Debug|x64.Build.0 = Debug|x64
		{AAEC4269-CE26-4B67-A599-92A4E0805462}.Debug|x86.ActiveCfg = Debug|x86
		{AAEC4269-CE26-4B67-A599-92A4E0805462}.Debug|x86.Build.0 = Debug|x86
		{AAEC4269-CE26-4B67-A599-92A4E0805462}.Release|Any CPU.ActiveCfg = Release|Any CPU
		{AAEC4269-CE26-4B67-A599-92A4E0805462}.Release|Any CPU.Build.0 = Release|Any CPU
		{AAEC4269-CE26-4B67-A599-92A4E0805462}.Release|ARM.ActiveCfg = Release|ARM
		{AAEC4269-CE26-4B67-A599-92A4E0805462}.Release|ARM.Build.0 = Release|ARM
		{AAEC4269-CE26-4B67-A599-92A4E0805462}.Release|ARM64.ActiveCfg = Release|ARM64
		{AAEC4269-CE26-4B67-A599-92A4E0805462}.Release|ARM64.Build.0 = Release|ARM64
		{AAEC4269-CE26-4B67-A599-92A4E0805462}.Release|x64.ActiveCfg = Release|x64
		{AAEC4269-CE26-4B67-A599-92A4E0805462}.Release|x64.Build.0 = Release|x64
		{AAEC4269-CE26-4B67-A599-92A4E0805462}.Release|x86.ActiveCfg = Release|x86
		{AAEC4269-CE26-4B67-A599-92A4E0805462}.Release|x86.Build.0 = Release|x86
		{FD2D401E-0CD1-48DF-9812-CD56909D97CF}.Debug|Any CPU.ActiveCfg = Debug|Any CPU
		{FD2D401E-0CD1-48DF-9812-CD56909D97CF}.Debug|Any CPU.Build.0 = Debug|Any CPU
		{FD2D401E-0CD1-48DF-9812-CD56909D97CF}.Debug|Any CPU.Deploy.0 = Debug|Any CPU
		{FD2D401E-0CD1-48DF-9812-CD56909D97CF}.Debug|ARM.ActiveCfg = Debug|ARM
		{FD2D401E-0CD1-48DF-9812-CD56909D97CF}.Debug|ARM.Build.0 = Debug|ARM
		{FD2D401E-0CD1-48DF-9812-CD56909D97CF}.Debug|ARM.Deploy.0 = Debug|ARM
		{FD2D401E-0CD1-48DF-9812-CD56909D97CF}.Debug|ARM64.ActiveCfg = Debug|ARM64
		{FD2D401E-0CD1-48DF-9812-CD56909D97CF}.Debug|ARM64.Build.0 = Debug|ARM64
		{FD2D401E-0CD1-48DF-9812-CD56909D97CF}.Debug|ARM64.Deploy.0 = Debug|ARM64
		{FD2D401E-0CD1-48DF-9812-CD56909D97CF}.Debug|x64.ActiveCfg = Debug|x64
		{FD2D401E-0CD1-48DF-9812-CD56909D97CF}.Debug|x64.Build.0 = Debug|x64
		{FD2D401E-0CD1-48DF-9812-CD56909D97CF}.Debug|x64.Deploy.0 = Debug|x64
		{FD2D401E-0CD1-48DF-9812-CD56909D97CF}.Debug|x86.ActiveCfg = Debug|x86
		{FD2D401E-0CD1-48DF-9812-CD56909D97CF}.Debug|x86.Build.0 = Debug|x86
		{FD2D401E-0CD1-48DF-9812-CD56909D97CF}.Debug|x86.Deploy.0 = Debug|x86
		{FD2D401E-0CD1-48DF-9812-CD56909D97CF}.Release|Any CPU.ActiveCfg = Release|Any CPU
		{FD2D401E-0CD1-48DF-9812-CD56909D97CF}.Release|Any CPU.Build.0 = Release|Any CPU
		{FD2D401E-0CD1-48DF-9812-CD56909D97CF}.Release|Any CPU.Deploy.0 = Release|Any CPU
		{FD2D401E-0CD1-48DF-9812-CD56909D97CF}.Release|ARM.ActiveCfg = Release|ARM
		{FD2D401E-0CD1-48DF-9812-CD56909D97CF}.Release|ARM.Build.0 = Release|ARM
		{FD2D401E-0CD1-48DF-9812-CD56909D97CF}.Release|ARM.Deploy.0 = Release|ARM
		{FD2D401E-0CD1-48DF-9812-CD56909D97CF}.Release|ARM64.ActiveCfg = Release|ARM64
		{FD2D401E-0CD1-48DF-9812-CD56909D97CF}.Release|ARM64.Build.0 = Release|ARM64
		{FD2D401E-0CD1-48DF-9812-CD56909D97CF}.Release|ARM64.Deploy.0 = Release|ARM64
		{FD2D401E-0CD1-48DF-9812-CD56909D97CF}.Release|x64.ActiveCfg = Release|x64
		{FD2D401E-0CD1-48DF-9812-CD56909D97CF}.Release|x64.Build.0 = Release|x64
		{FD2D401E-0CD1-48DF-9812-CD56909D97CF}.Release|x64.Deploy.0 = Release|x64
		{FD2D401E-0CD1-48DF-9812-CD56909D97CF}.Release|x86.ActiveCfg = Release|x86
		{FD2D401E-0CD1-48DF-9812-CD56909D97CF}.Release|x86.Build.0 = Release|x86
		{FD2D401E-0CD1-48DF-9812-CD56909D97CF}.Release|x86.Deploy.0 = Release|x86
	EndGlobalSection
	GlobalSection(SolutionProperties) = preSolution
		HideSolutionNode = FALSE
	EndGlobalSection
	GlobalSection(ExtensibilityGlobals) = postSolution
		SolutionGuid = {5F17C869-4DFB-4488-A4E7-516AB04F411D}
	EndGlobalSection
EndGlobal
