
Microsoft Visual Studio Solution File, Format Version 12.00
# Visual Studio 15
VisualStudioVersion = 15.0.28307.271
MinimumVisualStudioVersion = 10.0.40219.1
Project("{FAE04EC0-301F-11D3-BF4B-00C04F79EFBC}") = "WpfAppHost", "WpfAppHost\WpfAppHost.csproj", "{80F28D03-E0DA-4702-84D4-0411C32B2973}"
	ProjectSection(ProjectDependencies) = postProject
		{DF52D5A1-748B-49FB-90EB-92E852F4E319} = {DF52D5A1-748B-49FB-90EB-92E852F4E319}
	EndProjectSection
EndProject
Project("{FAE04EC0-301F-11D3-BF4B-00C04F79EFBC}") = "MyUWPControls", "MyUWPControls\MyUWPControls.csproj", "{DF52D5A1-748B-49FB-90EB-92E852F4E319}"
EndProject
Global
	GlobalSection(SolutionConfigurationPlatforms) = preSolution
		Debug|Any CPU = Debug|Any CPU
		Debug|ARM = Debug|ARM
		Debug|ARM64 = Debug|ARM64
		Debug|x64 = Debug|x64
		Debug|x86 = Debug|x86
		Release|Any CPU = Release|Any CPU
		Release|ARM = Release|ARM
		Release|ARM64 = Release|ARM64
		Release|x64 = Release|x64
		Release|x86 = Release|x86
	EndGlobalSection
	GlobalSection(ProjectConfigurationPlatforms) = postSolution
		{80F28D03-E0DA-4702-84D4-0411C32B2973}.Debug|Any CPU.ActiveCfg = Debug|Any CPU
		{80F28D03-E0DA-4702-84D4-0411C32B2973}.Debug|Any CPU.Build.0 = Debug|Any CPU
		{80F28D03-E0DA-4702-84D4-0411C32B2973}.Debug|ARM.ActiveCfg = Debug|Any CPU
		{80F28D03-E0DA-4702-84D4-0411C32B2973}.Debug|ARM.Build.0 = Debug|Any CPU
		{80F28D03-E0DA-4702-84D4-0411C32B2973}.Debug|ARM64.ActiveCfg = Debug|Any CPU
		{80F28D03-E0DA-4702-84D4-0411C32B2973}.Debug|ARM64.Build.0 = Debug|Any CPU
		{80F28D03-E0DA-4702-84D4-0411C32B2973}.Debug|x64.ActiveCfg = Debug|Any CPU
		{80F28D03-E0DA-4702-84D4-0411C32B2973}.Debug|x64.Build.0 = Debug|Any CPU
		{80F28D03-E0DA-4702-84D4-0411C32B2973}.Debug|x86.ActiveCfg = Debug|Any CPU
		{80F28D03-E0DA-4702-84D4-0411C32B2973}.Debug|x86.Build.0 = Debug|Any CPU
		{80F28D03-E0DA-4702-84D4-0411C32B2973}.Release|Any CPU.ActiveCfg = Release|Any CPU
		{80F28D03-E0DA-4702-84D4-0411C32B2973}.Release|Any CPU.Build.0 = Release|Any CPU
		{80F28D03-E0DA-4702-84D4-0411C32B2973}.Release|ARM.ActiveCfg = Release|Any CPU
		{80F28D03-E0DA-4702-84D4-0411C32B2973}.Release|ARM.Build.0 = Release|Any CPU
		{80F28D03-E0DA-4702-84D4-0411C32B2973}.Release|ARM64.ActiveCfg = Release|Any CPU
		{80F28D03-E0DA-4702-84D4-0411C32B2973}.Release|ARM64.Build.0 = Release|Any CPU
		{80F28D03-E0DA-4702-84D4-0411C32B2973}.Release|x64.ActiveCfg = Release|Any CPU
		{80F28D03-E0DA-4702-84D4-0411C32B2973}.Release|x64.Build.0 = Release|Any CPU
		{80F28D03-E0DA-4702-84D4-0411C32B2973}.Release|x86.ActiveCfg = Release|Any CPU
		{80F28D03-E0DA-4702-84D4-0411C32B2973}.Release|x86.Build.0 = Release|Any CPU
		{DF52D5A1-748B-49FB-90EB-92E852F4E319}.Debug|Any CPU.ActiveCfg = Debug|Any CPU
		{DF52D5A1-748B-49FB-90EB-92E852F4E319}.Debug|Any CPU.Build.0 = Debug|Any CPU
		{DF52D5A1-748B-49FB-90EB-92E852F4E319}.Debug|ARM.ActiveCfg = Debug|ARM
		{DF52D5A1-748B-49FB-90EB-92E852F4E319}.Debug|ARM.Build.0 = Debug|ARM
		{DF52D5A1-748B-49FB-90EB-92E852F4E319}.Debug|ARM64.ActiveCfg = Debug|ARM64
		{DF52D5A1-748B-49FB-90EB-92E852F4E319}.Debug|ARM64.Build.0 = Debug|ARM64
		{DF52D5A1-748B-49FB-90EB-92E852F4E319}.Debug|x64.ActiveCfg = Debug|x64
		{DF52D5A1-748B-49FB-90EB-92E852F4E319}.Debug|x64.Build.0 = Debug|x64
		{DF52D5A1-748B-49FB-90EB-92E852F4E319}.Debug|x86.ActiveCfg = Debug|x86
		{DF52D5A1-748B-49FB-90EB-92E852F4E319}.Debug|x86.Build.0 = Debug|x86
		{DF52D5A1-748B-49FB-90EB-92E852F4E319}.Release|Any CPU.ActiveCfg = Release|Any CPU
		{DF52D5A1-748B-49FB-90EB-92E852F4E319}.Release|Any CPU.Build.0 = Release|Any CPU
		{DF52D5A1-748B-49FB-90EB-92E852F4E319}.Release|ARM.ActiveCfg = Release|ARM
		{DF52D5A1-748B-49FB-90EB-92E852F4E319}.Release|ARM.Build.0 = Release|ARM
		{DF52D5A1-748B-49FB-90EB-92E852F4E319}.Release|ARM64.ActiveCfg = Release|ARM64
		{DF52D5A1-748B-49FB-90EB-92E852F4E319}.Release|ARM64.Build.0 = Release|ARM64
		{DF52D5A1-748B-49FB-90EB-92E852F4E319}.Release|x64.ActiveCfg = Release|x64
		{DF52D5A1-748B-49FB-90EB-92E852F4E319}.Release|x64.Build.0 = Release|x64
		{DF52D5A1-748B-49FB-90EB-92E852F4E319}.Release|x86.ActiveCfg = Release|x86
		{DF52D5A1-748B-49FB-90EB-92E852F4E319}.Release|x86.Build.0 = Release|x86
	EndGlobalSection
	GlobalSection(SolutionProperties) = preSolution
		HideSolutionNode = FALSE
	EndGlobalSection
	GlobalSection(ExtensibilityGlobals) = postSolution
		SolutionGuid = {101AD90B-E2F6-485A-8A8C-D6CF989278D0}
	EndGlobalSection
EndGlobal
