
Microsoft Visual Studio Solution File, Format Version 12.00
# Visual Studio 15
VisualStudioVersion = 15.0.28307.106
MinimumVisualStudioVersion = 10.0.40219.1
Project("{FAE04EC0-301F-11D3-BF4B-00C04F79EFBC}") = "InAppOnsSample", "14-InAppOnsSample\InAppOnsSample\InAppOnsSample.csproj", "{72FE5B58-6E93-489B-AA55-82CE1E5ADAA1}"
EndProject
Global
	GlobalSection(SolutionConfigurationPlatforms) = preSolution
		Debug|ARM = Debug|ARM
		Debug|x64 = Debug|x64
		Debug|x86 = Debug|x86
		Release|ARM = Release|ARM
		Release|x64 = Release|x64
		Release|x86 = Release|x86
	EndGlobalSection
	GlobalSection(ProjectConfigurationPlatforms) = postSolution
		{72FE5B58-6E93-489B-AA55-82CE1E5ADAA1}.Debug|ARM.ActiveCfg = Debug|ARM
		{72FE5B58-6E93-489B-AA55-82CE1E5ADAA1}.Debug|ARM.Build.0 = Debug|ARM
		{72FE5B58-6E93-489B-AA55-82CE1E5ADAA1}.Debug|ARM.Deploy.0 = Debug|ARM
		{72FE5B58-6E93-489B-AA55-82CE1E5ADAA1}.Debug|x64.ActiveCfg = Debug|x64
		{72FE5B58-6E93-489B-AA55-82CE1E5ADAA1}.Debug|x64.Build.0 = Debug|x64
		{72FE5B58-6E93-489B-AA55-82CE1E5ADAA1}.Debug|x64.Deploy.0 = Debug|x64
		{72FE5B58-6E93-489B-AA55-82CE1E5ADAA1}.Debug|x86.ActiveCfg = Debug|x86
		{72FE5B58-6E93-489B-AA55-82CE1E5ADAA1}.Debug|x86.Build.0 = Debug|x86
		{72FE5B58-6E93-489B-AA55-82CE1E5ADAA1}.Debug|x86.Deploy.0 = Debug|x86
		{72FE5B58-6E93-489B-AA55-82CE1E5ADAA1}.Release|ARM.ActiveCfg = Release|ARM
		{72FE5B58-6E93-489B-AA55-82CE1E5ADAA1}.Release|ARM.Build.0 = Release|ARM
		{72FE5B58-6E93-489B-AA55-82CE1E5ADAA1}.Release|ARM.Deploy.0 = Release|ARM
		{72FE5B58-6E93-489B-AA55-82CE1E5ADAA1}.Release|x64.ActiveCfg = Release|x64
		{72FE5B58-6E93-489B-AA55-82CE1E5ADAA1}.Release|x64.Build.0 = Release|x64
		{72FE5B58-6E93-489B-AA55-82CE1E5ADAA1}.Release|x64.Deploy.0 = Release|x64
		{72FE5B58-6E93-489B-AA55-82CE1E5ADAA1}.Release|x86.ActiveCfg = Release|x86
		{72FE5B58-6E93-489B-AA55-82CE1E5ADAA1}.Release|x86.Build.0 = Release|x86
		{72FE5B58-6E93-489B-AA55-82CE1E5ADAA1}.Release|x86.Deploy.0 = Release|x86
	EndGlobalSection
	GlobalSection(SolutionProperties) = preSolution
		HideSolutionNode = FALSE
	EndGlobalSection
	GlobalSection(ExtensibilityGlobals) = postSolution
		SolutionGuid = {55320E7C-1979-401B-867A-21A50675CF04}
	EndGlobalSection
EndGlobal
