
Microsoft Visual Studio Solution File, Format Version 12.00
# Visual Studio 15
VisualStudioVersion = 15.0.28307.106
MinimumVisualStudioVersion = 10.0.40219.1
Project("{FAE04EC0-301F-11D3-BF4B-00C04F79EFBC}") = "DeeplinkSample.App", "17-DeeplinkSample\DeeplinkSample.App\DeeplinkSample.App.csproj", "{5190A3C5-91F7-4022-A413-D9F078069FA2}"
EndProject
Project("{FAE04EC0-301F-11D3-BF4B-00C04F79EFBC}") = "DepplinkSample.Web", "17-DeeplinkSample\DepplinkSample.Web\DepplinkSample.Web.csproj", "{D4AE1A16-A07B-42C1-8A5D-E9A7B3951674}"
EndProject
Global
	GlobalSection(SolutionConfigurationPlatforms) = preSolution
		Debug|Any CPU = Debug|Any CPU
		Debug|ARM = Debug|ARM
		Debug|x64 = Debug|x64
		Debug|x86 = Debug|x86
		Release|Any CPU = Release|Any CPU
		Release|ARM = Release|ARM
		Release|x64 = Release|x64
		Release|x86 = Release|x86
	EndGlobalSection
	GlobalSection(ProjectConfigurationPlatforms) = postSolution
		{5190A3C5-91F7-4022-A413-D9F078069FA2}.Debug|Any CPU.ActiveCfg = Debug|x86
		{5190A3C5-91F7-4022-A413-D9F078069FA2}.Debug|ARM.ActiveCfg = Debug|ARM
		{5190A3C5-91F7-4022-A413-D9F078069FA2}.Debug|ARM.Build.0 = Debug|ARM
		{5190A3C5-91F7-4022-A413-D9F078069FA2}.Debug|ARM.Deploy.0 = Debug|ARM
		{5190A3C5-91F7-4022-A413-D9F078069FA2}.Debug|x64.ActiveCfg = Debug|x64
		{5190A3C5-91F7-4022-A413-D9F078069FA2}.Debug|x64.Build.0 = Debug|x64
		{5190A3C5-91F7-4022-A413-D9F078069FA2}.Debug|x64.Deploy.0 = Debug|x64
		{5190A3C5-91F7-4022-A413-D9F078069FA2}.Debug|x86.ActiveCfg = Debug|x86
		{5190A3C5-91F7-4022-A413-D9F078069FA2}.Debug|x86.Build.0 = Debug|x86
		{5190A3C5-91F7-4022-A413-D9F078069FA2}.Debug|x86.Deploy.0 = Debug|x86
		{5190A3C5-91F7-4022-A413-D9F078069FA2}.Release|Any CPU.ActiveCfg = Release|x86
		{5190A3C5-91F7-4022-A413-D9F078069FA2}.Release|ARM.ActiveCfg = Release|ARM
		{5190A3C5-91F7-4022-A413-D9F078069FA2}.Release|ARM.Build.0 = Release|ARM
		{5190A3C5-91F7-4022-A413-D9F078069FA2}.Release|ARM.Deploy.0 = Release|ARM
		{5190A3C5-91F7-4022-A413-D9F078069FA2}.Release|x64.ActiveCfg = Release|x64
		{5190A3C5-91F7-4022-A413-D9F078069FA2}.Release|x64.Build.0 = Release|x64
		{5190A3C5-91F7-4022-A413-D9F078069FA2}.Release|x64.Deploy.0 = Release|x64
		{5190A3C5-91F7-4022-A413-D9F078069FA2}.Release|x86.ActiveCfg = Release|x86
		{5190A3C5-91F7-4022-A413-D9F078069FA2}.Release|x86.Build.0 = Release|x86
		{5190A3C5-91F7-4022-A413-D9F078069FA2}.Release|x86.Deploy.0 = Release|x86
		{D4AE1A16-A07B-42C1-8A5D-E9A7B3951674}.Debug|Any CPU.ActiveCfg = Debug|Any CPU
		{D4AE1A16-A07B-42C1-8A5D-E9A7B3951674}.Debug|Any CPU.Build.0 = Debug|Any CPU
		{D4AE1A16-A07B-42C1-8A5D-E9A7B3951674}.Debug|ARM.ActiveCfg = Debug|Any CPU
		{D4AE1A16-A07B-42C1-8A5D-E9A7B3951674}.Debug|ARM.Build.0 = Debug|Any CPU
		{D4AE1A16-A07B-42C1-8A5D-E9A7B3951674}.Debug|x64.ActiveCfg = Debug|Any CPU
		{D4AE1A16-A07B-42C1-8A5D-E9A7B3951674}.Debug|x64.Build.0 = Debug|Any CPU
		{D4AE1A16-A07B-42C1-8A5D-E9A7B3951674}.Debug|x86.ActiveCfg = Debug|Any CPU
		{D4AE1A16-A07B-42C1-8A5D-E9A7B3951674}.Debug|x86.Build.0 = Debug|Any CPU
		{D4AE1A16-A07B-42C1-8A5D-E9A7B3951674}.Release|Any CPU.ActiveCfg = Release|Any CPU
		{D4AE1A16-A07B-42C1-8A5D-E9A7B3951674}.Release|Any CPU.Build.0 = Release|Any CPU
		{D4AE1A16-A07B-42C1-8A5D-E9A7B3951674}.Release|ARM.ActiveCfg = Release|Any CPU
		{D4AE1A16-A07B-42C1-8A5D-E9A7B3951674}.Release|ARM.Build.0 = Release|Any CPU
		{D4AE1A16-A07B-42C1-8A5D-E9A7B3951674}.Release|x64.ActiveCfg = Release|Any CPU
		{D4AE1A16-A07B-42C1-8A5D-E9A7B3951674}.Release|x64.Build.0 = Release|Any CPU
		{D4AE1A16-A07B-42C1-8A5D-E9A7B3951674}.Release|x86.ActiveCfg = Release|Any CPU
		{D4AE1A16-A07B-42C1-8A5D-E9A7B3951674}.Release|x86.Build.0 = Release|Any CPU
	EndGlobalSection
	GlobalSection(SolutionProperties) = preSolution
		HideSolutionNode = FALSE
	EndGlobalSection
	GlobalSection(ExtensibilityGlobals) = postSolution
		SolutionGuid = {997BA379-1166-4CAA-91F8-AB2FF6A13B72}
	EndGlobalSection
EndGlobal
