
Microsoft Visual Studio Solution File, Format Version 12.00
# Visual Studio Version 16
VisualStudioVersion = 16.0.29215.179
MinimumVisualStudioVersion = 10.0.40219.1
Project("{FAE04EC0-301F-11D3-BF4B-00C04F79EFBC}") = "AppWithOAuth", "AppWithOAuth\AppWithOAuth.csproj", "{D0EAAB85-CF3B-4BAB-A447-C6BEB30F3FD0}"
EndProject
Global
	GlobalSection(SolutionConfigurationPlatforms) = preSolution
		Debug|ARM = Debug|ARM
		Debug|x64 = Debug|x64
		Debug|x86 = Debug|x86
		Release|ARM = Release|ARM
		Release|x64 = Release|x64
		Release|x86 = Release|x86
	EndGlobalSection
	GlobalSection(ProjectConfigurationPlatforms) = postSolution
		{D0EAAB85-CF3B-4BAB-A447-C6BEB30F3FD0}.Debug|ARM.ActiveCfg = Debug|ARM
		{D0EAAB85-CF3B-4BAB-A447-C6BEB30F3FD0}.Debug|ARM.Build.0 = Debug|ARM
		{D0EAAB85-CF3B-4BAB-A447-C6BEB30F3FD0}.Debug|ARM.Deploy.0 = Debug|ARM
		{D0EAAB85-CF3B-4BAB-A447-C6BEB30F3FD0}.Debug|x64.ActiveCfg = Debug|x64
		{D0EAAB85-CF3B-4BAB-A447-C6BEB30F3FD0}.Debug|x64.Build.0 = Debug|x64
		{D0EAAB85-CF3B-4BAB-A447-C6BEB30F3FD0}.Debug|x64.Deploy.0 = Debug|x64
		{D0EAAB85-CF3B-4BAB-A447-C6BEB30F3FD0}.Debug|x86.ActiveCfg = Debug|x86
		{D0EAAB85-CF3B-4BAB-A447-C6BEB30F3FD0}.Debug|x86.Build.0 = Debug|x86
		{D0EAAB85-CF3B-4BAB-A447-C6BEB30F3FD0}.Debug|x86.Deploy.0 = Debug|x86
		{D0EAAB85-CF3B-4BAB-A447-C6BEB30F3FD0}.Release|ARM.ActiveCfg = Release|ARM
		{D0EAAB85-CF3B-4BAB-A447-C6BEB30F3FD0}.Release|ARM.Build.0 = Release|ARM
		{D0EAAB85-CF3B-4BAB-A447-C6BEB30F3FD0}.Release|ARM.Deploy.0 = Release|ARM
		{D0EAAB85-CF3B-4BAB-A447-C6BEB30F3FD0}.Release|x64.ActiveCfg = Release|x64
		{D0EAAB85-CF3B-4BAB-A447-C6BEB30F3FD0}.Release|x64.Build.0 = Release|x64
		{D0EAAB85-CF3B-4BAB-A447-C6BEB30F3FD0}.Release|x64.Deploy.0 = Release|x64
		{D0EAAB85-CF3B-4BAB-A447-C6BEB30F3FD0}.Release|x86.ActiveCfg = Release|x86
		{D0EAAB85-CF3B-4BAB-A447-C6BEB30F3FD0}.Release|x86.Build.0 = Release|x86
		{D0EAAB85-CF3B-4BAB-A447-C6BEB30F3FD0}.Release|x86.Deploy.0 = Release|x86
	EndGlobalSection
	GlobalSection(SolutionProperties) = preSolution
		HideSolutionNode = FALSE
	EndGlobalSection
	GlobalSection(ExtensibilityGlobals) = postSolution
		SolutionGuid = {9F3257E6-C96D-4EDC-9D68-9A72C1EA9315}
	EndGlobalSection
EndGlobal
